// !$*UTF8*$!
{
	archiveVersion = 1;
	classes = {
	};
	objectVersion = 48;
	objects = {

/* Begin PBXBuildFile section */
		4832509B2005252600957D04 /* PresenceTests.swift in Sources */ = {isa = PBXBuildFile; fileRef = 4832509A2005252600957D04 /* PresenceTests.swift */; };
		4832509E2005259300957D04 /* ErrorTests.swift in Sources */ = {isa = PBXBuildFile; fileRef = 4832509D2005259300957D04 /* ErrorTests.swift */; };
		483250A320052A9C00957D04 /* ChatTitleUpdateListener.swift in Sources */ = {isa = PBXBuildFile; fileRef = 483250A220052A9C00957D04 /* ChatTitleUpdateListener.swift */; };
		483250A62005325200957D04 /* ChatTitleUpdateListenerObject.swift in Sources */ = {isa = PBXBuildFile; fileRef = 483250A52005325200957D04 /* ChatTitleUpdateListenerObject.swift */; };
		4848403C2003D7790020D1AB /* SignOutMock.swift in Sources */ = {isa = PBXBuildFile; fileRef = 4848403B2003D7790020D1AB /* SignOutMock.swift */; };
		4848403E2003D7C80020D1AB /* SignOutOperationTests.swift in Sources */ = {isa = PBXBuildFile; fileRef = 4848403D2003D7C80020D1AB /* SignOutOperationTests.swift */; };
		484840402003D90E0020D1AB /* PasswordUpdaterMock.swift in Sources */ = {isa = PBXBuildFile; fileRef = 4848403F2003D90E0020D1AB /* PasswordUpdaterMock.swift */; };
		484840422003D9560020D1AB /* PasswordUpdaterOperationTests.swift in Sources */ = {isa = PBXBuildFile; fileRef = 484840412003D9560020D1AB /* PasswordUpdaterOperationTests.swift */; };
		484840472003DC170020D1AB /* ChatMessageQueryOperationTests.swift in Sources */ = {isa = PBXBuildFile; fileRef = 484840462003DC170020D1AB /* ChatMessageQueryOperationTests.swift */; };
		484840492003DC670020D1AB /* ChatMessageQueryMock.swift in Sources */ = {isa = PBXBuildFile; fileRef = 484840482003DC670020D1AB /* ChatMessageQueryMock.swift */; };
		4848404B2003E02E0020D1AB /* ChatQueryMock.swift in Sources */ = {isa = PBXBuildFile; fileRef = 4848404A2003E02E0020D1AB /* ChatQueryMock.swift */; };
		4848404D2003E06A0020D1AB /* ChatQueryOperationTests.swift in Sources */ = {isa = PBXBuildFile; fileRef = 4848404C2003E06A0020D1AB /* ChatQueryOperationTests.swift */; };
		4856208B202C30B50025343B /* ChatParticipantPresenceListener.swift in Sources */ = {isa = PBXBuildFile; fileRef = 4856208A202C30B50025343B /* ChatParticipantPresenceListener.swift */; };
		4856208D202C32550025343B /* ChatParticipantPresenceListenerMock.swift in Sources */ = {isa = PBXBuildFile; fileRef = 4856208C202C32550025343B /* ChatParticipantPresenceListenerMock.swift */; };
		4856208F202C329E0025343B /* ChatParticipantPresenceOperationTests.swift in Sources */ = {isa = PBXBuildFile; fileRef = 4856208E202C329E0025343B /* ChatParticipantPresenceOperationTests.swift */; };
		48584B51201DADA100B2190A /* AddedIntoChatListener.swift in Sources */ = {isa = PBXBuildFile; fileRef = 48584B50201DADA100B2190A /* AddedIntoChatListener.swift */; };
		48584B53201DAE8000B2190A /* AddedIntoChatListenerMock.swift in Sources */ = {isa = PBXBuildFile; fileRef = 48584B52201DAE8000B2190A /* AddedIntoChatListenerMock.swift */; };
		48584B55201DAED100B2190A /* AddedIntoChatListenerOperationTests.swift in Sources */ = {isa = PBXBuildFile; fileRef = 48584B54201DAED100B2190A /* AddedIntoChatListenerOperationTests.swift */; };
		4872A087200484470088F130 /* ContactQueryOperationTests.swift in Sources */ = {isa = PBXBuildFile; fileRef = 4872A086200484470088F130 /* ContactQueryOperationTests.swift */; };
		4872A0892004845C0088F130 /* ContactQueryMock.swift in Sources */ = {isa = PBXBuildFile; fileRef = 4872A0882004845C0088F130 /* ContactQueryMock.swift */; };
		4872A08B2004869C0088F130 /* InboxQueryOperationTests.swift in Sources */ = {isa = PBXBuildFile; fileRef = 4872A08A2004869C0088F130 /* InboxQueryOperationTests.swift */; };
		4872A08D200486DE0088F130 /* InboxQueryMock.swift in Sources */ = {isa = PBXBuildFile; fileRef = 4872A08C200486DE0088F130 /* InboxQueryMock.swift */; };
		4872A08F200488510088F130 /* MessageQueryOperationTests.swift in Sources */ = {isa = PBXBuildFile; fileRef = 4872A08E200488510088F130 /* MessageQueryOperationTests.swift */; };
		4872A091200488820088F130 /* MessageQueryMock.swift in Sources */ = {isa = PBXBuildFile; fileRef = 4872A090200488820088F130 /* MessageQueryMock.swift */; };
		4872A09320048A610088F130 /* PersonQueryMock.swift in Sources */ = {isa = PBXBuildFile; fileRef = 4872A09220048A610088F130 /* PersonQueryMock.swift */; };
		4872A09520048AB80088F130 /* PersonQueryOperationTests.swift in Sources */ = {isa = PBXBuildFile; fileRef = 4872A09420048AB80088F130 /* PersonQueryOperationTests.swift */; };
		4872A09720048D2D0088F130 /* RecentChatMessageQueryMock.swift in Sources */ = {isa = PBXBuildFile; fileRef = 4872A09620048D2D0088F130 /* RecentChatMessageQueryMock.swift */; };
		4872A09920048D5E0088F130 /* RecentChatMessageQueryOperationTests.swift in Sources */ = {isa = PBXBuildFile; fileRef = 4872A09820048D5E0088F130 /* RecentChatMessageQueryOperationTests.swift */; };
		4872A09B20048FA30088F130 /* PersonSearchMock.swift in Sources */ = {isa = PBXBuildFile; fileRef = 4872A09A20048FA30088F130 /* PersonSearchMock.swift */; };
		4872A09E20048FEF0088F130 /* PersonSearchOperationTests.swift in Sources */ = {isa = PBXBuildFile; fileRef = 4872A09D20048FEF0088F130 /* PersonSearchOperationTests.swift */; };
		4872A0A1200491F10088F130 /* ChatCreatorMock.swift in Sources */ = {isa = PBXBuildFile; fileRef = 4872A0A0200491F10088F130 /* ChatCreatorMock.swift */; };
		4872A0A5200493A80088F130 /* ChatCreatorOperationTests.swift in Sources */ = {isa = PBXBuildFile; fileRef = 4872A0A4200493A80088F130 /* ChatCreatorOperationTests.swift */; };
		488421C9200C8B530027A144 /* MyInfoQuery.swift in Sources */ = {isa = PBXBuildFile; fileRef = 488421C8200C8B530027A144 /* MyInfoQuery.swift */; };
		488421CB200C8C9A0027A144 /* MyInfoQueryOperationTests.swift in Sources */ = {isa = PBXBuildFile; fileRef = 488421CA200C8C9A0027A144 /* MyInfoQueryOperationTests.swift */; };
		488421CD200C8CAD0027A144 /* MyInfoQueryMock.swift in Sources */ = {isa = PBXBuildFile; fileRef = 488421CC200C8CAD0027A144 /* MyInfoQueryMock.swift */; };
		489A7D662005ED1700AAD619 /* ChatTitleUpdateListenerOperationTests.swift in Sources */ = {isa = PBXBuildFile; fileRef = 489A7D652005ED1700AAD619 /* ChatTitleUpdateListenerOperationTests.swift */; };
		489A7D682005ED2900AAD619 /* ChatTitleUpdateListenerMock.swift in Sources */ = {isa = PBXBuildFile; fileRef = 489A7D672005ED2900AAD619 /* ChatTitleUpdateListenerMock.swift */; };
		489A7D6A2005F07800AAD619 /* ContactRequestActionListenerMock.swift in Sources */ = {isa = PBXBuildFile; fileRef = 489A7D692005F07800AAD619 /* ContactRequestActionListenerMock.swift */; };
		489A7D6C2005F0CC00AAD619 /* ContactRequestActionListenerOperationTests.swift in Sources */ = {isa = PBXBuildFile; fileRef = 489A7D6B2005F0CC00AAD619 /* ContactRequestActionListenerOperationTests.swift */; };
		489A7D6E2005F39600AAD619 /* PresenceListenerMock.swift in Sources */ = {isa = PBXBuildFile; fileRef = 489A7D6D2005F39600AAD619 /* PresenceListenerMock.swift */; };
		489A7D702005F3F300AAD619 /* PresenceListenerOperationTests.swift in Sources */ = {isa = PBXBuildFile; fileRef = 489A7D6F2005F3F300AAD619 /* PresenceListenerOperationTests.swift */; };
		489A7D722005F51200AAD619 /* ReceivedContactRequestListenerMock.swift in Sources */ = {isa = PBXBuildFile; fileRef = 489A7D712005F51200AAD619 /* ReceivedContactRequestListenerMock.swift */; };
		489A7D742005F54400AAD619 /* ReceivedContactRequestListenerOperationTests.swift in Sources */ = {isa = PBXBuildFile; fileRef = 489A7D732005F54400AAD619 /* ReceivedContactRequestListenerOperationTests.swift */; };
		489A7D762005F65F00AAD619 /* RecentChatListenerMock.swift in Sources */ = {isa = PBXBuildFile; fileRef = 489A7D752005F65F00AAD619 /* RecentChatListenerMock.swift */; };
		489A7D782005F69E00AAD619 /* RecentChatListenerOperationTests.swift in Sources */ = {isa = PBXBuildFile; fileRef = 489A7D772005F69E00AAD619 /* RecentChatListenerOperationTests.swift */; };
		489A7D7A2005F76D00AAD619 /* RecentChatMessageListenerMock.swift in Sources */ = {isa = PBXBuildFile; fileRef = 489A7D792005F76D00AAD619 /* RecentChatMessageListenerMock.swift */; };
		489A7D7C2005F7B900AAD619 /* RecentChatMessageListenerOperationTests.swift in Sources */ = {isa = PBXBuildFile; fileRef = 489A7D7B2005F7B900AAD619 /* RecentChatMessageListenerOperationTests.swift */; };
		48A7859520051943002B6CCB /* OfflinePresenceSwitcherMock.swift in Sources */ = {isa = PBXBuildFile; fileRef = 48A7859420051943002B6CCB /* OfflinePresenceSwitcherMock.swift */; };
		48A7859720051970002B6CCB /* OnlinePresenceSwitcherMock.swift in Sources */ = {isa = PBXBuildFile; fileRef = 48A7859620051970002B6CCB /* OnlinePresenceSwitcherMock.swift */; };
		48A78599200519B5002B6CCB /* OfflinePresenceSwitcherOperationTests.swift in Sources */ = {isa = PBXBuildFile; fileRef = 48A78598200519B5002B6CCB /* OfflinePresenceSwitcherOperationTests.swift */; };
		48A7859B20051A64002B6CCB /* OnlinePresenceSwitcherOperationTests.swift in Sources */ = {isa = PBXBuildFile; fileRef = 48A7859A20051A64002B6CCB /* OnlinePresenceSwitcherOperationTests.swift */; };
		48A7859D20051B31002B6CCB /* TypingSwitcherMock.swift in Sources */ = {isa = PBXBuildFile; fileRef = 48A7859C20051B31002B6CCB /* TypingSwitcherMock.swift */; };
		48A7859F20051B67002B6CCB /* TypingSwitcherOperationTests.swift in Sources */ = {isa = PBXBuildFile; fileRef = 48A7859E20051B67002B6CCB /* TypingSwitcherOperationTests.swift */; };
		48A785A320051DDF002B6CCB /* ChatTests.swift in Sources */ = {isa = PBXBuildFile; fileRef = 48A785A220051DDF002B6CCB /* ChatTests.swift */; };
		48A785A620051EE0002B6CCB /* IDTests.swift in Sources */ = {isa = PBXBuildFile; fileRef = 48A785A520051EE0002B6CCB /* IDTests.swift */; };
		48A785A820051F55002B6CCB /* MessageTests.swift in Sources */ = {isa = PBXBuildFile; fileRef = 48A785A720051F55002B6CCB /* MessageTests.swift */; };
		48A785AA20051FE9002B6CCB /* PersonTests.swift in Sources */ = {isa = PBXBuildFile; fileRef = 48A785A920051FE9002B6CCB /* PersonTests.swift */; };
		48A9F6B32001EB85003A4168 /* Error.swift in Sources */ = {isa = PBXBuildFile; fileRef = 48A9F6B22001EB85003A4168 /* Error.swift */; };
		48A9F6B62001EC35003A4168 /* Result.swift in Sources */ = {isa = PBXBuildFile; fileRef = 48A9F6B52001EC35003A4168 /* Result.swift */; };
		48A9F6B82001ECC0003A4168 /* SignIn.swift in Sources */ = {isa = PBXBuildFile; fileRef = 48A9F6B72001ECC0003A4168 /* SignIn.swift */; };
		48A9F6BA2001F384003A4168 /* Registrar.swift in Sources */ = {isa = PBXBuildFile; fileRef = 48A9F6B92001F384003A4168 /* Registrar.swift */; };
		48A9F6BC2001F499003A4168 /* SignOut.swift in Sources */ = {isa = PBXBuildFile; fileRef = 48A9F6BB2001F499003A4168 /* SignOut.swift */; };
		48A9F6BE2001F665003A4168 /* AccessTokenRefresher.swift in Sources */ = {isa = PBXBuildFile; fileRef = 48A9F6BD2001F665003A4168 /* AccessTokenRefresher.swift */; };
		48A9F6C02001F7AE003A4168 /* EmailUpdater.swift in Sources */ = {isa = PBXBuildFile; fileRef = 48A9F6BF2001F7AE003A4168 /* EmailUpdater.swift */; };
		48A9F6C22001F9CB003A4168 /* PasswordUpdater.swift in Sources */ = {isa = PBXBuildFile; fileRef = 48A9F6C12001F9CB003A4168 /* PasswordUpdater.swift */; };
		48A9F6C8200208E4003A4168 /* InboxQuery.swift in Sources */ = {isa = PBXBuildFile; fileRef = 48A9F6C7200208E4003A4168 /* InboxQuery.swift */; };
		48A9F6CA20020C87003A4168 /* ChatMessageQuery.swift in Sources */ = {isa = PBXBuildFile; fileRef = 48A9F6C920020C87003A4168 /* ChatMessageQuery.swift */; };
		48ABC9AF2005CB62003E8E1E /* AddedContactListener.swift in Sources */ = {isa = PBXBuildFile; fileRef = 48ABC9AE2005CB62003E8E1E /* AddedContactListener.swift */; };
		48ABC9B12005CCFA003E8E1E /* RemovedContactListener.swift in Sources */ = {isa = PBXBuildFile; fileRef = 48ABC9B02005CCFA003E8E1E /* RemovedContactListener.swift */; };
		48ABC9B32005CEAA003E8E1E /* ReceivedContactRequestListener.swift in Sources */ = {isa = PBXBuildFile; fileRef = 48ABC9B22005CEAA003E8E1E /* ReceivedContactRequestListener.swift */; };
		48ABC9B52005CFCF003E8E1E /* ContactRequestActionListener.swift in Sources */ = {isa = PBXBuildFile; fileRef = 48ABC9B42005CFCF003E8E1E /* ContactRequestActionListener.swift */; };
		48ABC9B72005D147003E8E1E /* PresenceListener.swift in Sources */ = {isa = PBXBuildFile; fileRef = 48ABC9B62005D147003E8E1E /* PresenceListener.swift */; };
		48ABC9BB2005D47B003E8E1E /* RecentChatListener.swift in Sources */ = {isa = PBXBuildFile; fileRef = 48ABC9BA2005D47B003E8E1E /* RecentChatListener.swift */; };
		48ABC9BD2005D58E003E8E1E /* RecentChatMessageListener.swift in Sources */ = {isa = PBXBuildFile; fileRef = 48ABC9BC2005D58E003E8E1E /* RecentChatMessageListener.swift */; };
		48ABC9BF2005D60B003E8E1E /* RecentChatMessageListenerObject.swift in Sources */ = {isa = PBXBuildFile; fileRef = 48ABC9BE2005D60B003E8E1E /* RecentChatMessageListenerObject.swift */; };
		48ABC9C12005D7DF003E8E1E /* TypingStatusListener.swift in Sources */ = {isa = PBXBuildFile; fileRef = 48ABC9C02005D7DF003E8E1E /* TypingStatusListener.swift */; };
		48ABC9C32005D871003E8E1E /* TypingStatusListenerObject.swift in Sources */ = {isa = PBXBuildFile; fileRef = 48ABC9C22005D871003E8E1E /* TypingStatusListenerObject.swift */; };
		48ABC9C52005DC95003E8E1E /* TypingStatus.swift in Sources */ = {isa = PBXBuildFile; fileRef = 48ABC9C42005DC95003E8E1E /* TypingStatus.swift */; };
		48ABC9C82005DE15003E8E1E /* AddedContactListenerMock.swift in Sources */ = {isa = PBXBuildFile; fileRef = 48ABC9C72005DE15003E8E1E /* AddedContactListenerMock.swift */; };
		48ABC9CC2005DE7C003E8E1E /* AddedContactListenerOperationTests.swift in Sources */ = {isa = PBXBuildFile; fileRef = 48ABC9CB2005DE7C003E8E1E /* AddedContactListenerOperationTests.swift */; };
		48AD00DB202C89CE007415C7 /* ChatParticipantPresenceListenerObject.swift in Sources */ = {isa = PBXBuildFile; fileRef = 48AD00DA202C89CE007415C7 /* ChatParticipantPresenceListenerObject.swift */; };
		48AD00DD202C8AD4007415C7 /* ChatParticipantPresenceListenerObjectTests.swift in Sources */ = {isa = PBXBuildFile; fileRef = 48AD00DC202C8AD4007415C7 /* ChatParticipantPresenceListenerObjectTests.swift */; };
		48ADA21D20187334003B6238 /* ChatParticipantQuery.swift in Sources */ = {isa = PBXBuildFile; fileRef = 48ADA21C20187334003B6238 /* ChatParticipantQuery.swift */; };
		48ADA21F2018747A003B6238 /* ChatParticipantQueryMock.swift in Sources */ = {isa = PBXBuildFile; fileRef = 48ADA21E2018747A003B6238 /* ChatParticipantQueryMock.swift */; };
		48ADA221201874BE003B6238 /* ChatParticipantQueryOperationTests.swift in Sources */ = {isa = PBXBuildFile; fileRef = 48ADA220201874BE003B6238 /* ChatParticipantQueryOperationTests.swift */; };
		48B1A952200327E4003BB573 /* MessageCreator.swift in Sources */ = {isa = PBXBuildFile; fileRef = 48B1A951200327E4003BB573 /* MessageCreator.swift */; };
		48B1A954200329AE003BB573 /* PersonUpdater.swift in Sources */ = {isa = PBXBuildFile; fileRef = 48B1A953200329AE003BB573 /* PersonUpdater.swift */; };
		48B1A95620032D62003BB573 /* PersonRegistrar.swift in Sources */ = {isa = PBXBuildFile; fileRef = 48B1A95520032D62003BB573 /* PersonRegistrar.swift */; };
		48B1A95C200332D1003BB573 /* TypingSwitcher.swift in Sources */ = {isa = PBXBuildFile; fileRef = 48B1A95B200332D1003BB573 /* TypingSwitcher.swift */; };
		48B1A96320034464003BB573 /* EmailUpdaterOperationTests.swift in Sources */ = {isa = PBXBuildFile; fileRef = 48B1A96220034464003BB573 /* EmailUpdaterOperationTests.swift */; };
		48B1A966200344B2003BB573 /* EmailUpdaterMock.swift in Sources */ = {isa = PBXBuildFile; fileRef = 48B1A965200344B2003BB573 /* EmailUpdaterMock.swift */; };
		48B1A96A200349F1003BB573 /* AccessTokenRefresherMock.swift in Sources */ = {isa = PBXBuildFile; fileRef = 48B1A969200349F1003BB573 /* AccessTokenRefresherMock.swift */; };
		48B1A96C20034A08003BB573 /* AccessTokenRefresherOperationTests.swift in Sources */ = {isa = PBXBuildFile; fileRef = 48B1A96B20034A08003BB573 /* AccessTokenRefresherOperationTests.swift */; };
		48B1A96E20034B24003BB573 /* RegistrarMock.swift in Sources */ = {isa = PBXBuildFile; fileRef = 48B1A96D20034B24003BB573 /* RegistrarMock.swift */; };
		48B1A97020034B53003BB573 /* RegistrarOperationTests.swift in Sources */ = {isa = PBXBuildFile; fileRef = 48B1A96F20034B53003BB573 /* RegistrarOperationTests.swift */; };
		48B1A97220035019003BB573 /* SignInOperationTests.swift in Sources */ = {isa = PBXBuildFile; fileRef = 48B1A97120035019003BB573 /* SignInOperationTests.swift */; };
		48B1A97420035031003BB573 /* SignInMock.swift in Sources */ = {isa = PBXBuildFile; fileRef = 48B1A97320035031003BB573 /* SignInMock.swift */; };
		48B296A42004FFA90007ECEE /* ChatTitleUpdater.swift in Sources */ = {isa = PBXBuildFile; fileRef = 48B296A32004FFA90007ECEE /* ChatTitleUpdater.swift */; };
		48B296A8200503AF0007ECEE /* AddChatParticipantsAction.swift in Sources */ = {isa = PBXBuildFile; fileRef = 48B296A7200503AF0007ECEE /* AddChatParticipantsAction.swift */; };
		48B296AA200507070007ECEE /* AcceptContactRequestAction.swift in Sources */ = {isa = PBXBuildFile; fileRef = 48B296A9200507070007ECEE /* AcceptContactRequestAction.swift */; };
		48B296AC200508410007ECEE /* IgnoreContactRequestAction.swift in Sources */ = {isa = PBXBuildFile; fileRef = 48B296AB200508410007ECEE /* IgnoreContactRequestAction.swift */; };
		48B296AE2005093F0007ECEE /* AcceptContactRequestActionMock.swift in Sources */ = {isa = PBXBuildFile; fileRef = 48B296AD2005093F0007ECEE /* AcceptContactRequestActionMock.swift */; };
		48B296B020050A120007ECEE /* AcceptContactRequestActionOperationTests.swift in Sources */ = {isa = PBXBuildFile; fileRef = 48B296AF20050A120007ECEE /* AcceptContactRequestActionOperationTests.swift */; };
		48B296B220050B8C0007ECEE /* AddChatParticipantsActionMock.swift in Sources */ = {isa = PBXBuildFile; fileRef = 48B296B120050B8C0007ECEE /* AddChatParticipantsActionMock.swift */; };
		48B296B420050BCC0007ECEE /* AddChatParticipantsActionOperationTests.swift in Sources */ = {isa = PBXBuildFile; fileRef = 48B296B320050BCC0007ECEE /* AddChatParticipantsActionOperationTests.swift */; };
		48B296B620050D550007ECEE /* ChatTitleUpdaterMock.swift in Sources */ = {isa = PBXBuildFile; fileRef = 48B296B520050D550007ECEE /* ChatTitleUpdaterMock.swift */; };
		48B296B820050D8D0007ECEE /* ChatTitleUpdaterOperationTests.swift in Sources */ = {isa = PBXBuildFile; fileRef = 48B296B720050D8D0007ECEE /* ChatTitleUpdaterOperationTests.swift */; };
		48B296BA20050ECD0007ECEE /* ContactRequestSenderMock.swift in Sources */ = {isa = PBXBuildFile; fileRef = 48B296B920050ECD0007ECEE /* ContactRequestSenderMock.swift */; };
		48B296BC20050F0C0007ECEE /* ContactRequestSenderOperationTests.swift in Sources */ = {isa = PBXBuildFile; fileRef = 48B296BB20050F0C0007ECEE /* ContactRequestSenderOperationTests.swift */; };
		48B296BE200510390007ECEE /* IgnoreContactRequestActionMock.swift in Sources */ = {isa = PBXBuildFile; fileRef = 48B296BD200510390007ECEE /* IgnoreContactRequestActionMock.swift */; };
		48B296C02005106B0007ECEE /* IgnoreContactRequestActionOperationTests.swift in Sources */ = {isa = PBXBuildFile; fileRef = 48B296BF2005106B0007ECEE /* IgnoreContactRequestActionOperationTests.swift */; };
		48B296C2200511720007ECEE /* MessageCreatorMock.swift in Sources */ = {isa = PBXBuildFile; fileRef = 48B296C1200511720007ECEE /* MessageCreatorMock.swift */; };
		48B296C42005119D0007ECEE /* MessageCreatorOperationTests.swift in Sources */ = {isa = PBXBuildFile; fileRef = 48B296C32005119D0007ECEE /* MessageCreatorOperationTests.swift */; };
		48B296C6200513F20007ECEE /* PersonRegistrarMock.swift in Sources */ = {isa = PBXBuildFile; fileRef = 48B296C5200513F20007ECEE /* PersonRegistrarMock.swift */; };
		48B296C82005142A0007ECEE /* PersonRegistrarOperationTests.swift in Sources */ = {isa = PBXBuildFile; fileRef = 48B296C72005142A0007ECEE /* PersonRegistrarOperationTests.swift */; };
		48B296CA200515AD0007ECEE /* PersonUpdaterMock.swift in Sources */ = {isa = PBXBuildFile; fileRef = 48B296C9200515AD0007ECEE /* PersonUpdaterMock.swift */; };
		48B296CC200516010007ECEE /* PersonUpdaterOperationTests.swift in Sources */ = {isa = PBXBuildFile; fileRef = 48B296CB200516010007ECEE /* PersonUpdaterOperationTests.swift */; };
		48B296CE200517500007ECEE /* OfflinePresenceSwitcher.swift in Sources */ = {isa = PBXBuildFile; fileRef = 48B296CD200517500007ECEE /* OfflinePresenceSwitcher.swift */; };
		48B296D0200518390007ECEE /* OnlinePresenceSwitcher.swift in Sources */ = {isa = PBXBuildFile; fileRef = 48B296CF200518390007ECEE /* OnlinePresenceSwitcher.swift */; };
		48CEB4F82005F94000D3C681 /* RemovedContactListenerMock.swift in Sources */ = {isa = PBXBuildFile; fileRef = 48CEB4F72005F94000D3C681 /* RemovedContactListenerMock.swift */; };
		48CEB4FA2005F97E00D3C681 /* RemovedContactListenerOperationTests.swift in Sources */ = {isa = PBXBuildFile; fileRef = 48CEB4F92005F97E00D3C681 /* RemovedContactListenerOperationTests.swift */; };
		48CEB4FC2005FA8B00D3C681 /* TypingStatusListenerMock.swift in Sources */ = {isa = PBXBuildFile; fileRef = 48CEB4FB2005FA8B00D3C681 /* TypingStatusListenerMock.swift */; };
		48CEB4FE2005FAD600D3C681 /* TypingStatusListenerOperationTests.swift in Sources */ = {isa = PBXBuildFile; fileRef = 48CEB4FD2005FAD600D3C681 /* TypingStatusListenerOperationTests.swift */; };
		48CEB5012005FC4600D3C681 /* RecentChatMessageListenerObjectTests.swift in Sources */ = {isa = PBXBuildFile; fileRef = 48CEB5002005FC4600D3C681 /* RecentChatMessageListenerObjectTests.swift */; };
		48CEB5032005FC6F00D3C681 /* ChatTitleUpdateListenerObjectTests.swift in Sources */ = {isa = PBXBuildFile; fileRef = 48CEB5022005FC6F00D3C681 /* ChatTitleUpdateListenerObjectTests.swift */; };
		48CEB5052005FCB400D3C681 /* TypingStatusListenerObjectTests.swift in Sources */ = {isa = PBXBuildFile; fileRef = 48CEB5042005FCB400D3C681 /* TypingStatusListenerObjectTests.swift */; };
		48D32205201B681F005A1AB8 /* DisplayNameUpdater.swift in Sources */ = {isa = PBXBuildFile; fileRef = 48D32204201B681F005A1AB8 /* DisplayNameUpdater.swift */; };
		48D32207201B694C005A1AB8 /* NameUpdater.swift in Sources */ = {isa = PBXBuildFile; fileRef = 48D32206201B694C005A1AB8 /* NameUpdater.swift */; };
		48D32209201B69A0005A1AB8 /* ContactRequestQuery.swift in Sources */ = {isa = PBXBuildFile; fileRef = 48D32208201B69A0005A1AB8 /* ContactRequestQuery.swift */; };
		48D3220B201B6A93005A1AB8 /* DisplayNameUpdaterMock.swift in Sources */ = {isa = PBXBuildFile; fileRef = 48D3220A201B6A93005A1AB8 /* DisplayNameUpdaterMock.swift */; };
		48D3220D201B6ABF005A1AB8 /* NameUpdaterMock.swift in Sources */ = {isa = PBXBuildFile; fileRef = 48D3220C201B6ABF005A1AB8 /* NameUpdaterMock.swift */; };
		48D3220F201B6AF0005A1AB8 /* ContactRequestQueryMock.swift in Sources */ = {isa = PBXBuildFile; fileRef = 48D3220E201B6AF0005A1AB8 /* ContactRequestQueryMock.swift */; };
		48D32211201B6B2E005A1AB8 /* ContactRequestQueryOperationTests.swift in Sources */ = {isa = PBXBuildFile; fileRef = 48D32210201B6B2E005A1AB8 /* ContactRequestQueryOperationTests.swift */; };
		48D32213201B6B49005A1AB8 /* DisplayNameUpdaterOperationTests.swift in Sources */ = {isa = PBXBuildFile; fileRef = 48D32212201B6B49005A1AB8 /* DisplayNameUpdaterOperationTests.swift */; };
		48D32215201B6B5A005A1AB8 /* NameUpdaterOperationTests.swift in Sources */ = {isa = PBXBuildFile; fileRef = 48D32214201B6B5A005A1AB8 /* NameUpdaterOperationTests.swift */; };
		48D8877E200521890056E30B /* PersonSearchObjectTests.swift in Sources */ = {isa = PBXBuildFile; fileRef = 48D8877D200521890056E30B /* PersonSearchObjectTests.swift */; };
		48D887812005225D0056E30B /* OKTests.swift in Sources */ = {isa = PBXBuildFile; fileRef = 48D887802005225D0056E30B /* OKTests.swift */; };
		48D887832005239D0056E30B /* ContactTests.swift in Sources */ = {isa = PBXBuildFile; fileRef = 48D887822005239D0056E30B /* ContactTests.swift */; };
		48D887852005243E0056E30B /* ContactRequestTests.swift in Sources */ = {isa = PBXBuildFile; fileRef = 48D887842005243E0056E30B /* ContactRequestTests.swift */; };
		48E1CDC4200266BA00A1FED1 /* ChatQuery.swift in Sources */ = {isa = PBXBuildFile; fileRef = 48E1CDC3200266BA00A1FED1 /* ChatQuery.swift */; };
		48E1CDC620026A1F00A1FED1 /* MessageQuery.swift in Sources */ = {isa = PBXBuildFile; fileRef = 48E1CDC520026A1F00A1FED1 /* MessageQuery.swift */; };
		48E1CDC820026AB400A1FED1 /* PersonQuery.swift in Sources */ = {isa = PBXBuildFile; fileRef = 48E1CDC720026AB400A1FED1 /* PersonQuery.swift */; };
		48E1CDCA20026B4A00A1FED1 /* RecentChatMessageQuery.swift in Sources */ = {isa = PBXBuildFile; fileRef = 48E1CDC920026B4A00A1FED1 /* RecentChatMessageQuery.swift */; };
		48E1CDCC20026CDC00A1FED1 /* ContactQuery.swift in Sources */ = {isa = PBXBuildFile; fileRef = 48E1CDCB20026CDC00A1FED1 /* ContactQuery.swift */; };
		48E1CDD22002708C00A1FED1 /* PersonSearch.swift in Sources */ = {isa = PBXBuildFile; fileRef = 48E1CDD12002708C00A1FED1 /* PersonSearch.swift */; };
		48E1CDD52002711C00A1FED1 /* ChatCreator.swift in Sources */ = {isa = PBXBuildFile; fileRef = 48E1CDD42002711C00A1FED1 /* ChatCreator.swift */; };
		48E1CDD92002785C00A1FED1 /* ContactRequestSender.swift in Sources */ = {isa = PBXBuildFile; fileRef = 48E1CDD82002785C00A1FED1 /* ContactRequestSender.swift */; };
		48E80058200136CC00F5D902 /* ChikaCore.framework in Frameworks */ = {isa = PBXBuildFile; fileRef = 48E8004E200136CC00F5D902 /* ChikaCore.framework */; };
		48E8005F200136CC00F5D902 /* ChikaCore.h in Headers */ = {isa = PBXBuildFile; fileRef = 48E80051200136CC00F5D902 /* ChikaCore.h */; settings = {ATTRIBUTES = (Public, ); }; };
		48E8006C2001372100F5D902 /* Auth.swift in Sources */ = {isa = PBXBuildFile; fileRef = 48E8006B2001372100F5D902 /* Auth.swift */; };
		48E8006E2001382900F5D902 /* Chat.swift in Sources */ = {isa = PBXBuildFile; fileRef = 48E8006D2001382900F5D902 /* Chat.swift */; };
		48E800702001385B00F5D902 /* Person.swift in Sources */ = {isa = PBXBuildFile; fileRef = 48E8006F2001385B00F5D902 /* Person.swift */; };
		48E800722001387200F5D902 /* Message.swift in Sources */ = {isa = PBXBuildFile; fileRef = 48E800712001387200F5D902 /* Message.swift */; };
		48E8007620013D4A00F5D902 /* Unique.swift in Sources */ = {isa = PBXBuildFile; fileRef = 48E8007520013D4A00F5D902 /* Unique.swift */; };
		48E8007A2001400500F5D902 /* Contact.swift in Sources */ = {isa = PBXBuildFile; fileRef = 48E800792001400500F5D902 /* Contact.swift */; };
		48E8007C200141E300F5D902 /* Presence.swift in Sources */ = {isa = PBXBuildFile; fileRef = 48E8007B200141E300F5D902 /* Presence.swift */; };
/* End PBXBuildFile section */

/* Begin PBXContainerItemProxy section */
		48E80059200136CC00F5D902 /* PBXContainerItemProxy */ = {
			isa = PBXContainerItemProxy;
			containerPortal = 48E80045200136CC00F5D902 /* Project object */;
			proxyType = 1;
			remoteGlobalIDString = 48E8004D200136CC00F5D902;
			remoteInfo = ChikaCore;
		};
/* End PBXContainerItemProxy section */

/* Begin PBXFileReference section */
		4832509A2005252600957D04 /* PresenceTests.swift */ = {isa = PBXFileReference; lastKnownFileType = sourcecode.swift; path = PresenceTests.swift; sourceTree = "<group>"; };
		4832509D2005259300957D04 /* ErrorTests.swift */ = {isa = PBXFileReference; lastKnownFileType = sourcecode.swift; path = ErrorTests.swift; sourceTree = "<group>"; };
		483250A220052A9C00957D04 /* ChatTitleUpdateListener.swift */ = {isa = PBXFileReference; lastKnownFileType = sourcecode.swift; path = ChatTitleUpdateListener.swift; sourceTree = "<group>"; };
		483250A52005325200957D04 /* ChatTitleUpdateListenerObject.swift */ = {isa = PBXFileReference; lastKnownFileType = sourcecode.swift; path = ChatTitleUpdateListenerObject.swift; sourceTree = "<group>"; };
		4848403B2003D7790020D1AB /* SignOutMock.swift */ = {isa = PBXFileReference; lastKnownFileType = sourcecode.swift; path = SignOutMock.swift; sourceTree = "<group>"; };
		4848403D2003D7C80020D1AB /* SignOutOperationTests.swift */ = {isa = PBXFileReference; lastKnownFileType = sourcecode.swift; path = SignOutOperationTests.swift; sourceTree = "<group>"; };
		4848403F2003D90E0020D1AB /* PasswordUpdaterMock.swift */ = {isa = PBXFileReference; lastKnownFileType = sourcecode.swift; path = PasswordUpdaterMock.swift; sourceTree = "<group>"; };
		484840412003D9560020D1AB /* PasswordUpdaterOperationTests.swift */ = {isa = PBXFileReference; lastKnownFileType = sourcecode.swift; path = PasswordUpdaterOperationTests.swift; sourceTree = "<group>"; };
		484840462003DC170020D1AB /* ChatMessageQueryOperationTests.swift */ = {isa = PBXFileReference; lastKnownFileType = sourcecode.swift; path = ChatMessageQueryOperationTests.swift; sourceTree = "<group>"; };
		484840482003DC670020D1AB /* ChatMessageQueryMock.swift */ = {isa = PBXFileReference; lastKnownFileType = sourcecode.swift; path = ChatMessageQueryMock.swift; sourceTree = "<group>"; };
		4848404A2003E02E0020D1AB /* ChatQueryMock.swift */ = {isa = PBXFileReference; lastKnownFileType = sourcecode.swift; path = ChatQueryMock.swift; sourceTree = "<group>"; };
		4848404C2003E06A0020D1AB /* ChatQueryOperationTests.swift */ = {isa = PBXFileReference; lastKnownFileType = sourcecode.swift; path = ChatQueryOperationTests.swift; sourceTree = "<group>"; };
		4856208A202C30B50025343B /* ChatParticipantPresenceListener.swift */ = {isa = PBXFileReference; lastKnownFileType = sourcecode.swift; path = ChatParticipantPresenceListener.swift; sourceTree = "<group>"; };
		4856208C202C32550025343B /* ChatParticipantPresenceListenerMock.swift */ = {isa = PBXFileReference; lastKnownFileType = sourcecode.swift; path = ChatParticipantPresenceListenerMock.swift; sourceTree = "<group>"; };
		4856208E202C329E0025343B /* ChatParticipantPresenceOperationTests.swift */ = {isa = PBXFileReference; lastKnownFileType = sourcecode.swift; path = ChatParticipantPresenceOperationTests.swift; sourceTree = "<group>"; };
		48584B50201DADA100B2190A /* AddedIntoChatListener.swift */ = {isa = PBXFileReference; lastKnownFileType = sourcecode.swift; path = AddedIntoChatListener.swift; sourceTree = "<group>"; };
		48584B52201DAE8000B2190A /* AddedIntoChatListenerMock.swift */ = {isa = PBXFileReference; lastKnownFileType = sourcecode.swift; path = AddedIntoChatListenerMock.swift; sourceTree = "<group>"; };
		48584B54201DAED100B2190A /* AddedIntoChatListenerOperationTests.swift */ = {isa = PBXFileReference; lastKnownFileType = sourcecode.swift; path = AddedIntoChatListenerOperationTests.swift; sourceTree = "<group>"; };
		4872A086200484470088F130 /* ContactQueryOperationTests.swift */ = {isa = PBXFileReference; lastKnownFileType = sourcecode.swift; path = ContactQueryOperationTests.swift; sourceTree = "<group>"; };
		4872A0882004845C0088F130 /* ContactQueryMock.swift */ = {isa = PBXFileReference; lastKnownFileType = sourcecode.swift; path = ContactQueryMock.swift; sourceTree = "<group>"; };
		4872A08A2004869C0088F130 /* InboxQueryOperationTests.swift */ = {isa = PBXFileReference; lastKnownFileType = sourcecode.swift; path = InboxQueryOperationTests.swift; sourceTree = "<group>"; };
		4872A08C200486DE0088F130 /* InboxQueryMock.swift */ = {isa = PBXFileReference; lastKnownFileType = sourcecode.swift; path = InboxQueryMock.swift; sourceTree = "<group>"; };
		4872A08E200488510088F130 /* MessageQueryOperationTests.swift */ = {isa = PBXFileReference; lastKnownFileType = sourcecode.swift; path = MessageQueryOperationTests.swift; sourceTree = "<group>"; };
		4872A090200488820088F130 /* MessageQueryMock.swift */ = {isa = PBXFileReference; lastKnownFileType = sourcecode.swift; path = MessageQueryMock.swift; sourceTree = "<group>"; };
		4872A09220048A610088F130 /* PersonQueryMock.swift */ = {isa = PBXFileReference; lastKnownFileType = sourcecode.swift; path = PersonQueryMock.swift; sourceTree = "<group>"; };
		4872A09420048AB80088F130 /* PersonQueryOperationTests.swift */ = {isa = PBXFileReference; lastKnownFileType = sourcecode.swift; path = PersonQueryOperationTests.swift; sourceTree = "<group>"; };
		4872A09620048D2D0088F130 /* RecentChatMessageQueryMock.swift */ = {isa = PBXFileReference; lastKnownFileType = sourcecode.swift; path = RecentChatMessageQueryMock.swift; sourceTree = "<group>"; };
		4872A09820048D5E0088F130 /* RecentChatMessageQueryOperationTests.swift */ = {isa = PBXFileReference; lastKnownFileType = sourcecode.swift; path = RecentChatMessageQueryOperationTests.swift; sourceTree = "<group>"; };
		4872A09A20048FA30088F130 /* PersonSearchMock.swift */ = {isa = PBXFileReference; lastKnownFileType = sourcecode.swift; path = PersonSearchMock.swift; sourceTree = "<group>"; };
		4872A09D20048FEF0088F130 /* PersonSearchOperationTests.swift */ = {isa = PBXFileReference; lastKnownFileType = sourcecode.swift; path = PersonSearchOperationTests.swift; sourceTree = "<group>"; };
		4872A0A0200491F10088F130 /* ChatCreatorMock.swift */ = {isa = PBXFileReference; lastKnownFileType = sourcecode.swift; path = ChatCreatorMock.swift; sourceTree = "<group>"; };
		4872A0A4200493A80088F130 /* ChatCreatorOperationTests.swift */ = {isa = PBXFileReference; lastKnownFileType = sourcecode.swift; path = ChatCreatorOperationTests.swift; sourceTree = "<group>"; };
		488421C8200C8B530027A144 /* MyInfoQuery.swift */ = {isa = PBXFileReference; lastKnownFileType = sourcecode.swift; path = MyInfoQuery.swift; sourceTree = "<group>"; };
		488421CA200C8C9A0027A144 /* MyInfoQueryOperationTests.swift */ = {isa = PBXFileReference; lastKnownFileType = sourcecode.swift; path = MyInfoQueryOperationTests.swift; sourceTree = "<group>"; };
		488421CC200C8CAD0027A144 /* MyInfoQueryMock.swift */ = {isa = PBXFileReference; lastKnownFileType = sourcecode.swift; path = MyInfoQueryMock.swift; sourceTree = "<group>"; };
		489A7D652005ED1700AAD619 /* ChatTitleUpdateListenerOperationTests.swift */ = {isa = PBXFileReference; lastKnownFileType = sourcecode.swift; path = ChatTitleUpdateListenerOperationTests.swift; sourceTree = "<group>"; };
		489A7D672005ED2900AAD619 /* ChatTitleUpdateListenerMock.swift */ = {isa = PBXFileReference; lastKnownFileType = sourcecode.swift; path = ChatTitleUpdateListenerMock.swift; sourceTree = "<group>"; };
		489A7D692005F07800AAD619 /* ContactRequestActionListenerMock.swift */ = {isa = PBXFileReference; lastKnownFileType = sourcecode.swift; path = ContactRequestActionListenerMock.swift; sourceTree = "<group>"; };
		489A7D6B2005F0CC00AAD619 /* ContactRequestActionListenerOperationTests.swift */ = {isa = PBXFileReference; lastKnownFileType = sourcecode.swift; path = ContactRequestActionListenerOperationTests.swift; sourceTree = "<group>"; };
		489A7D6D2005F39600AAD619 /* PresenceListenerMock.swift */ = {isa = PBXFileReference; lastKnownFileType = sourcecode.swift; path = PresenceListenerMock.swift; sourceTree = "<group>"; };
		489A7D6F2005F3F300AAD619 /* PresenceListenerOperationTests.swift */ = {isa = PBXFileReference; lastKnownFileType = sourcecode.swift; path = PresenceListenerOperationTests.swift; sourceTree = "<group>"; };
		489A7D712005F51200AAD619 /* ReceivedContactRequestListenerMock.swift */ = {isa = PBXFileReference; lastKnownFileType = sourcecode.swift; path = ReceivedContactRequestListenerMock.swift; sourceTree = "<group>"; };
		489A7D732005F54400AAD619 /* ReceivedContactRequestListenerOperationTests.swift */ = {isa = PBXFileReference; lastKnownFileType = sourcecode.swift; path = ReceivedContactRequestListenerOperationTests.swift; sourceTree = "<group>"; };
		489A7D752005F65F00AAD619 /* RecentChatListenerMock.swift */ = {isa = PBXFileReference; lastKnownFileType = sourcecode.swift; path = RecentChatListenerMock.swift; sourceTree = "<group>"; };
		489A7D772005F69E00AAD619 /* RecentChatListenerOperationTests.swift */ = {isa = PBXFileReference; lastKnownFileType = sourcecode.swift; path = RecentChatListenerOperationTests.swift; sourceTree = "<group>"; };
		489A7D792005F76D00AAD619 /* RecentChatMessageListenerMock.swift */ = {isa = PBXFileReference; lastKnownFileType = sourcecode.swift; path = RecentChatMessageListenerMock.swift; sourceTree = "<group>"; };
		489A7D7B2005F7B900AAD619 /* RecentChatMessageListenerOperationTests.swift */ = {isa = PBXFileReference; lastKnownFileType = sourcecode.swift; path = RecentChatMessageListenerOperationTests.swift; sourceTree = "<group>"; };
		48A7859420051943002B6CCB /* OfflinePresenceSwitcherMock.swift */ = {isa = PBXFileReference; lastKnownFileType = sourcecode.swift; path = OfflinePresenceSwitcherMock.swift; sourceTree = "<group>"; };
		48A7859620051970002B6CCB /* OnlinePresenceSwitcherMock.swift */ = {isa = PBXFileReference; lastKnownFileType = sourcecode.swift; path = OnlinePresenceSwitcherMock.swift; sourceTree = "<group>"; };
		48A78598200519B5002B6CCB /* OfflinePresenceSwitcherOperationTests.swift */ = {isa = PBXFileReference; lastKnownFileType = sourcecode.swift; path = OfflinePresenceSwitcherOperationTests.swift; sourceTree = "<group>"; };
		48A7859A20051A64002B6CCB /* OnlinePresenceSwitcherOperationTests.swift */ = {isa = PBXFileReference; lastKnownFileType = sourcecode.swift; path = OnlinePresenceSwitcherOperationTests.swift; sourceTree = "<group>"; };
		48A7859C20051B31002B6CCB /* TypingSwitcherMock.swift */ = {isa = PBXFileReference; lastKnownFileType = sourcecode.swift; path = TypingSwitcherMock.swift; sourceTree = "<group>"; };
		48A7859E20051B67002B6CCB /* TypingSwitcherOperationTests.swift */ = {isa = PBXFileReference; lastKnownFileType = sourcecode.swift; path = TypingSwitcherOperationTests.swift; sourceTree = "<group>"; };
		48A785A220051DDF002B6CCB /* ChatTests.swift */ = {isa = PBXFileReference; lastKnownFileType = sourcecode.swift; path = ChatTests.swift; sourceTree = "<group>"; };
		48A785A520051EE0002B6CCB /* IDTests.swift */ = {isa = PBXFileReference; lastKnownFileType = sourcecode.swift; path = IDTests.swift; sourceTree = "<group>"; };
		48A785A720051F55002B6CCB /* MessageTests.swift */ = {isa = PBXFileReference; lastKnownFileType = sourcecode.swift; path = MessageTests.swift; sourceTree = "<group>"; };
		48A785A920051FE9002B6CCB /* PersonTests.swift */ = {isa = PBXFileReference; lastKnownFileType = sourcecode.swift; path = PersonTests.swift; sourceTree = "<group>"; };
		48A9F6B22001EB85003A4168 /* Error.swift */ = {isa = PBXFileReference; lastKnownFileType = sourcecode.swift; path = Error.swift; sourceTree = "<group>"; };
		48A9F6B52001EC35003A4168 /* Result.swift */ = {isa = PBXFileReference; lastKnownFileType = sourcecode.swift; path = Result.swift; sourceTree = "<group>"; };
		48A9F6B72001ECC0003A4168 /* SignIn.swift */ = {isa = PBXFileReference; lastKnownFileType = sourcecode.swift; path = SignIn.swift; sourceTree = "<group>"; };
		48A9F6B92001F384003A4168 /* Registrar.swift */ = {isa = PBXFileReference; lastKnownFileType = sourcecode.swift; path = Registrar.swift; sourceTree = "<group>"; };
		48A9F6BB2001F499003A4168 /* SignOut.swift */ = {isa = PBXFileReference; lastKnownFileType = sourcecode.swift; path = SignOut.swift; sourceTree = "<group>"; };
		48A9F6BD2001F665003A4168 /* AccessTokenRefresher.swift */ = {isa = PBXFileReference; lastKnownFileType = sourcecode.swift; path = AccessTokenRefresher.swift; sourceTree = "<group>"; };
		48A9F6BF2001F7AE003A4168 /* EmailUpdater.swift */ = {isa = PBXFileReference; lastKnownFileType = sourcecode.swift; path = EmailUpdater.swift; sourceTree = "<group>"; };
		48A9F6C12001F9CB003A4168 /* PasswordUpdater.swift */ = {isa = PBXFileReference; lastKnownFileType = sourcecode.swift; path = PasswordUpdater.swift; sourceTree = "<group>"; };
		48A9F6C7200208E4003A4168 /* InboxQuery.swift */ = {isa = PBXFileReference; lastKnownFileType = sourcecode.swift; path = InboxQuery.swift; sourceTree = "<group>"; };
		48A9F6C920020C87003A4168 /* ChatMessageQuery.swift */ = {isa = PBXFileReference; lastKnownFileType = sourcecode.swift; path = ChatMessageQuery.swift; sourceTree = "<group>"; };
		48ABC9AE2005CB62003E8E1E /* AddedContactListener.swift */ = {isa = PBXFileReference; lastKnownFileType = sourcecode.swift; path = AddedContactListener.swift; sourceTree = "<group>"; };
		48ABC9B02005CCFA003E8E1E /* RemovedContactListener.swift */ = {isa = PBXFileReference; lastKnownFileType = sourcecode.swift; path = RemovedContactListener.swift; sourceTree = "<group>"; };
		48ABC9B22005CEAA003E8E1E /* ReceivedContactRequestListener.swift */ = {isa = PBXFileReference; lastKnownFileType = sourcecode.swift; path = ReceivedContactRequestListener.swift; sourceTree = "<group>"; };
		48ABC9B42005CFCF003E8E1E /* ContactRequestActionListener.swift */ = {isa = PBXFileReference; lastKnownFileType = sourcecode.swift; path = ContactRequestActionListener.swift; sourceTree = "<group>"; };
		48ABC9B62005D147003E8E1E /* PresenceListener.swift */ = {isa = PBXFileReference; lastKnownFileType = sourcecode.swift; path = PresenceListener.swift; sourceTree = "<group>"; };
		48ABC9BA2005D47B003E8E1E /* RecentChatListener.swift */ = {isa = PBXFileReference; lastKnownFileType = sourcecode.swift; path = RecentChatListener.swift; sourceTree = "<group>"; };
		48ABC9BC2005D58E003E8E1E /* RecentChatMessageListener.swift */ = {isa = PBXFileReference; lastKnownFileType = sourcecode.swift; path = RecentChatMessageListener.swift; sourceTree = "<group>"; };
		48ABC9BE2005D60B003E8E1E /* RecentChatMessageListenerObject.swift */ = {isa = PBXFileReference; lastKnownFileType = sourcecode.swift; path = RecentChatMessageListenerObject.swift; sourceTree = "<group>"; };
		48ABC9C02005D7DF003E8E1E /* TypingStatusListener.swift */ = {isa = PBXFileReference; lastKnownFileType = sourcecode.swift; path = TypingStatusListener.swift; sourceTree = "<group>"; };
		48ABC9C22005D871003E8E1E /* TypingStatusListenerObject.swift */ = {isa = PBXFileReference; lastKnownFileType = sourcecode.swift; path = TypingStatusListenerObject.swift; sourceTree = "<group>"; };
		48ABC9C42005DC95003E8E1E /* TypingStatus.swift */ = {isa = PBXFileReference; lastKnownFileType = sourcecode.swift; path = TypingStatus.swift; sourceTree = "<group>"; };
		48ABC9C72005DE15003E8E1E /* AddedContactListenerMock.swift */ = {isa = PBXFileReference; lastKnownFileType = sourcecode.swift; path = AddedContactListenerMock.swift; sourceTree = "<group>"; };
		48ABC9CB2005DE7C003E8E1E /* AddedContactListenerOperationTests.swift */ = {isa = PBXFileReference; lastKnownFileType = sourcecode.swift; path = AddedContactListenerOperationTests.swift; sourceTree = "<group>"; };
		48AD00DA202C89CE007415C7 /* ChatParticipantPresenceListenerObject.swift */ = {isa = PBXFileReference; lastKnownFileType = sourcecode.swift; path = ChatParticipantPresenceListenerObject.swift; sourceTree = "<group>"; };
		48AD00DC202C8AD4007415C7 /* ChatParticipantPresenceListenerObjectTests.swift */ = {isa = PBXFileReference; lastKnownFileType = sourcecode.swift; path = ChatParticipantPresenceListenerObjectTests.swift; sourceTree = "<group>"; };
		48ADA21C20187334003B6238 /* ChatParticipantQuery.swift */ = {isa = PBXFileReference; lastKnownFileType = sourcecode.swift; path = ChatParticipantQuery.swift; sourceTree = "<group>"; };
		48ADA21E2018747A003B6238 /* ChatParticipantQueryMock.swift */ = {isa = PBXFileReference; lastKnownFileType = sourcecode.swift; path = ChatParticipantQueryMock.swift; sourceTree = "<group>"; };
		48ADA220201874BE003B6238 /* ChatParticipantQueryOperationTests.swift */ = {isa = PBXFileReference; lastKnownFileType = sourcecode.swift; path = ChatParticipantQueryOperationTests.swift; sourceTree = "<group>"; };
		48B1A951200327E4003BB573 /* MessageCreator.swift */ = {isa = PBXFileReference; lastKnownFileType = sourcecode.swift; path = MessageCreator.swift; sourceTree = "<group>"; };
		48B1A953200329AE003BB573 /* PersonUpdater.swift */ = {isa = PBXFileReference; lastKnownFileType = sourcecode.swift; path = PersonUpdater.swift; sourceTree = "<group>"; };
		48B1A95520032D62003BB573 /* PersonRegistrar.swift */ = {isa = PBXFileReference; lastKnownFileType = sourcecode.swift; path = PersonRegistrar.swift; sourceTree = "<group>"; };
		48B1A95B200332D1003BB573 /* TypingSwitcher.swift */ = {isa = PBXFileReference; lastKnownFileType = sourcecode.swift; path = TypingSwitcher.swift; sourceTree = "<group>"; };
		48B1A96220034464003BB573 /* EmailUpdaterOperationTests.swift */ = {isa = PBXFileReference; lastKnownFileType = sourcecode.swift; path = EmailUpdaterOperationTests.swift; sourceTree = "<group>"; };
		48B1A965200344B2003BB573 /* EmailUpdaterMock.swift */ = {isa = PBXFileReference; lastKnownFileType = sourcecode.swift; path = EmailUpdaterMock.swift; sourceTree = "<group>"; };
		48B1A969200349F1003BB573 /* AccessTokenRefresherMock.swift */ = {isa = PBXFileReference; lastKnownFileType = sourcecode.swift; path = AccessTokenRefresherMock.swift; sourceTree = "<group>"; };
		48B1A96B20034A08003BB573 /* AccessTokenRefresherOperationTests.swift */ = {isa = PBXFileReference; lastKnownFileType = sourcecode.swift; path = AccessTokenRefresherOperationTests.swift; sourceTree = "<group>"; };
		48B1A96D20034B24003BB573 /* RegistrarMock.swift */ = {isa = PBXFileReference; lastKnownFileType = sourcecode.swift; path = RegistrarMock.swift; sourceTree = "<group>"; };
		48B1A96F20034B53003BB573 /* RegistrarOperationTests.swift */ = {isa = PBXFileReference; lastKnownFileType = sourcecode.swift; path = RegistrarOperationTests.swift; sourceTree = "<group>"; };
		48B1A97120035019003BB573 /* SignInOperationTests.swift */ = {isa = PBXFileReference; lastKnownFileType = sourcecode.swift; path = SignInOperationTests.swift; sourceTree = "<group>"; };
		48B1A97320035031003BB573 /* SignInMock.swift */ = {isa = PBXFileReference; lastKnownFileType = sourcecode.swift; path = SignInMock.swift; sourceTree = "<group>"; };
		48B296A32004FFA90007ECEE /* ChatTitleUpdater.swift */ = {isa = PBXFileReference; lastKnownFileType = sourcecode.swift; path = ChatTitleUpdater.swift; sourceTree = "<group>"; };
		48B296A7200503AF0007ECEE /* AddChatParticipantsAction.swift */ = {isa = PBXFileReference; lastKnownFileType = sourcecode.swift; path = AddChatParticipantsAction.swift; sourceTree = "<group>"; };
		48B296A9200507070007ECEE /* AcceptContactRequestAction.swift */ = {isa = PBXFileReference; lastKnownFileType = sourcecode.swift; path = AcceptContactRequestAction.swift; sourceTree = "<group>"; };
		48B296AB200508410007ECEE /* IgnoreContactRequestAction.swift */ = {isa = PBXFileReference; lastKnownFileType = sourcecode.swift; path = IgnoreContactRequestAction.swift; sourceTree = "<group>"; };
		48B296AD2005093F0007ECEE /* AcceptContactRequestActionMock.swift */ = {isa = PBXFileReference; lastKnownFileType = sourcecode.swift; path = AcceptContactRequestActionMock.swift; sourceTree = "<group>"; };
		48B296AF20050A120007ECEE /* AcceptContactRequestActionOperationTests.swift */ = {isa = PBXFileReference; lastKnownFileType = sourcecode.swift; path = AcceptContactRequestActionOperationTests.swift; sourceTree = "<group>"; };
		48B296B120050B8C0007ECEE /* AddChatParticipantsActionMock.swift */ = {isa = PBXFileReference; lastKnownFileType = sourcecode.swift; path = AddChatParticipantsActionMock.swift; sourceTree = "<group>"; };
		48B296B320050BCC0007ECEE /* AddChatParticipantsActionOperationTests.swift */ = {isa = PBXFileReference; lastKnownFileType = sourcecode.swift; path = AddChatParticipantsActionOperationTests.swift; sourceTree = "<group>"; };
		48B296B520050D550007ECEE /* ChatTitleUpdaterMock.swift */ = {isa = PBXFileReference; lastKnownFileType = sourcecode.swift; path = ChatTitleUpdaterMock.swift; sourceTree = "<group>"; };
		48B296B720050D8D0007ECEE /* ChatTitleUpdaterOperationTests.swift */ = {isa = PBXFileReference; lastKnownFileType = sourcecode.swift; path = ChatTitleUpdaterOperationTests.swift; sourceTree = "<group>"; };
		48B296B920050ECD0007ECEE /* ContactRequestSenderMock.swift */ = {isa = PBXFileReference; lastKnownFileType = sourcecode.swift; path = ContactRequestSenderMock.swift; sourceTree = "<group>"; };
		48B296BB20050F0C0007ECEE /* ContactRequestSenderOperationTests.swift */ = {isa = PBXFileReference; lastKnownFileType = sourcecode.swift; path = ContactRequestSenderOperationTests.swift; sourceTree = "<group>"; };
		48B296BD200510390007ECEE /* IgnoreContactRequestActionMock.swift */ = {isa = PBXFileReference; lastKnownFileType = sourcecode.swift; path = IgnoreContactRequestActionMock.swift; sourceTree = "<group>"; };
		48B296BF2005106B0007ECEE /* IgnoreContactRequestActionOperationTests.swift */ = {isa = PBXFileReference; lastKnownFileType = sourcecode.swift; path = IgnoreContactRequestActionOperationTests.swift; sourceTree = "<group>"; };
		48B296C1200511720007ECEE /* MessageCreatorMock.swift */ = {isa = PBXFileReference; lastKnownFileType = sourcecode.swift; path = MessageCreatorMock.swift; sourceTree = "<group>"; };
		48B296C32005119D0007ECEE /* MessageCreatorOperationTests.swift */ = {isa = PBXFileReference; lastKnownFileType = sourcecode.swift; path = MessageCreatorOperationTests.swift; sourceTree = "<group>"; };
		48B296C5200513F20007ECEE /* PersonRegistrarMock.swift */ = {isa = PBXFileReference; lastKnownFileType = sourcecode.swift; path = PersonRegistrarMock.swift; sourceTree = "<group>"; };
		48B296C72005142A0007ECEE /* PersonRegistrarOperationTests.swift */ = {isa = PBXFileReference; lastKnownFileType = sourcecode.swift; path = PersonRegistrarOperationTests.swift; sourceTree = "<group>"; };
		48B296C9200515AD0007ECEE /* PersonUpdaterMock.swift */ = {isa = PBXFileReference; lastKnownFileType = sourcecode.swift; path = PersonUpdaterMock.swift; sourceTree = "<group>"; };
		48B296CB200516010007ECEE /* PersonUpdaterOperationTests.swift */ = {isa = PBXFileReference; lastKnownFileType = sourcecode.swift; path = PersonUpdaterOperationTests.swift; sourceTree = "<group>"; };
		48B296CD200517500007ECEE /* OfflinePresenceSwitcher.swift */ = {isa = PBXFileReference; lastKnownFileType = sourcecode.swift; path = OfflinePresenceSwitcher.swift; sourceTree = "<group>"; };
		48B296CF200518390007ECEE /* OnlinePresenceSwitcher.swift */ = {isa = PBXFileReference; lastKnownFileType = sourcecode.swift; path = OnlinePresenceSwitcher.swift; sourceTree = "<group>"; };
		48CEB4F72005F94000D3C681 /* RemovedContactListenerMock.swift */ = {isa = PBXFileReference; lastKnownFileType = sourcecode.swift; path = RemovedContactListenerMock.swift; sourceTree = "<group>"; };
		48CEB4F92005F97E00D3C681 /* RemovedContactListenerOperationTests.swift */ = {isa = PBXFileReference; lastKnownFileType = sourcecode.swift; path = RemovedContactListenerOperationTests.swift; sourceTree = "<group>"; };
		48CEB4FB2005FA8B00D3C681 /* TypingStatusListenerMock.swift */ = {isa = PBXFileReference; lastKnownFileType = sourcecode.swift; path = TypingStatusListenerMock.swift; sourceTree = "<group>"; };
		48CEB4FD2005FAD600D3C681 /* TypingStatusListenerOperationTests.swift */ = {isa = PBXFileReference; lastKnownFileType = sourcecode.swift; path = TypingStatusListenerOperationTests.swift; sourceTree = "<group>"; };
		48CEB5002005FC4600D3C681 /* RecentChatMessageListenerObjectTests.swift */ = {isa = PBXFileReference; lastKnownFileType = sourcecode.swift; path = RecentChatMessageListenerObjectTests.swift; sourceTree = "<group>"; };
		48CEB5022005FC6F00D3C681 /* ChatTitleUpdateListenerObjectTests.swift */ = {isa = PBXFileReference; lastKnownFileType = sourcecode.swift; path = ChatTitleUpdateListenerObjectTests.swift; sourceTree = "<group>"; };
		48CEB5042005FCB400D3C681 /* TypingStatusListenerObjectTests.swift */ = {isa = PBXFileReference; lastKnownFileType = sourcecode.swift; path = TypingStatusListenerObjectTests.swift; sourceTree = "<group>"; };
		48D32204201B681F005A1AB8 /* DisplayNameUpdater.swift */ = {isa = PBXFileReference; lastKnownFileType = sourcecode.swift; path = DisplayNameUpdater.swift; sourceTree = "<group>"; };
		48D32206201B694C005A1AB8 /* NameUpdater.swift */ = {isa = PBXFileReference; lastKnownFileType = sourcecode.swift; path = NameUpdater.swift; sourceTree = "<group>"; };
		48D32208201B69A0005A1AB8 /* ContactRequestQuery.swift */ = {isa = PBXFileReference; lastKnownFileType = sourcecode.swift; path = ContactRequestQuery.swift; sourceTree = "<group>"; };
		48D3220A201B6A93005A1AB8 /* DisplayNameUpdaterMock.swift */ = {isa = PBXFileReference; lastKnownFileType = sourcecode.swift; path = DisplayNameUpdaterMock.swift; sourceTree = "<group>"; };
		48D3220C201B6ABF005A1AB8 /* NameUpdaterMock.swift */ = {isa = PBXFileReference; lastKnownFileType = sourcecode.swift; path = NameUpdaterMock.swift; sourceTree = "<group>"; };
		48D3220E201B6AF0005A1AB8 /* ContactRequestQueryMock.swift */ = {isa = PBXFileReference; lastKnownFileType = sourcecode.swift; path = ContactRequestQueryMock.swift; sourceTree = "<group>"; };
		48D32210201B6B2E005A1AB8 /* ContactRequestQueryOperationTests.swift */ = {isa = PBXFileReference; lastKnownFileType = sourcecode.swift; path = ContactRequestQueryOperationTests.swift; sourceTree = "<group>"; };
		48D32212201B6B49005A1AB8 /* DisplayNameUpdaterOperationTests.swift */ = {isa = PBXFileReference; lastKnownFileType = sourcecode.swift; path = DisplayNameUpdaterOperationTests.swift; sourceTree = "<group>"; };
		48D32214201B6B5A005A1AB8 /* NameUpdaterOperationTests.swift */ = {isa = PBXFileReference; lastKnownFileType = sourcecode.swift; path = NameUpdaterOperationTests.swift; sourceTree = "<group>"; };
		48D8877D200521890056E30B /* PersonSearchObjectTests.swift */ = {isa = PBXFileReference; lastKnownFileType = sourcecode.swift; path = PersonSearchObjectTests.swift; sourceTree = "<group>"; };
		48D887802005225D0056E30B /* OKTests.swift */ = {isa = PBXFileReference; lastKnownFileType = sourcecode.swift; path = OKTests.swift; sourceTree = "<group>"; };
		48D887822005239D0056E30B /* ContactTests.swift */ = {isa = PBXFileReference; lastKnownFileType = sourcecode.swift; path = ContactTests.swift; sourceTree = "<group>"; };
		48D887842005243E0056E30B /* ContactRequestTests.swift */ = {isa = PBXFileReference; lastKnownFileType = sourcecode.swift; path = ContactRequestTests.swift; sourceTree = "<group>"; };
		48E1CDC3200266BA00A1FED1 /* ChatQuery.swift */ = {isa = PBXFileReference; lastKnownFileType = sourcecode.swift; path = ChatQuery.swift; sourceTree = "<group>"; };
		48E1CDC520026A1F00A1FED1 /* MessageQuery.swift */ = {isa = PBXFileReference; lastKnownFileType = sourcecode.swift; path = MessageQuery.swift; sourceTree = "<group>"; };
		48E1CDC720026AB400A1FED1 /* PersonQuery.swift */ = {isa = PBXFileReference; lastKnownFileType = sourcecode.swift; path = PersonQuery.swift; sourceTree = "<group>"; };
		48E1CDC920026B4A00A1FED1 /* RecentChatMessageQuery.swift */ = {isa = PBXFileReference; lastKnownFileType = sourcecode.swift; path = RecentChatMessageQuery.swift; sourceTree = "<group>"; };
		48E1CDCB20026CDC00A1FED1 /* ContactQuery.swift */ = {isa = PBXFileReference; lastKnownFileType = sourcecode.swift; path = ContactQuery.swift; sourceTree = "<group>"; };
		48E1CDD12002708C00A1FED1 /* PersonSearch.swift */ = {isa = PBXFileReference; fileEncoding = 4; lastKnownFileType = sourcecode.swift; path = PersonSearch.swift; sourceTree = "<group>"; };
		48E1CDD42002711C00A1FED1 /* ChatCreator.swift */ = {isa = PBXFileReference; lastKnownFileType = sourcecode.swift; path = ChatCreator.swift; sourceTree = "<group>"; };
		48E1CDD82002785C00A1FED1 /* ContactRequestSender.swift */ = {isa = PBXFileReference; lastKnownFileType = sourcecode.swift; path = ContactRequestSender.swift; sourceTree = "<group>"; };
		48E8004E200136CC00F5D902 /* ChikaCore.framework */ = {isa = PBXFileReference; explicitFileType = wrapper.framework; includeInIndex = 0; path = ChikaCore.framework; sourceTree = BUILT_PRODUCTS_DIR; };
		48E80051200136CC00F5D902 /* ChikaCore.h */ = {isa = PBXFileReference; lastKnownFileType = sourcecode.c.h; path = ChikaCore.h; sourceTree = "<group>"; };
		48E80052200136CC00F5D902 /* Info.plist */ = {isa = PBXFileReference; lastKnownFileType = text.plist.xml; path = Info.plist; sourceTree = "<group>"; };
		48E80057200136CC00F5D902 /* ChikaCoreTests.xctest */ = {isa = PBXFileReference; explicitFileType = wrapper.cfbundle; includeInIndex = 0; path = ChikaCoreTests.xctest; sourceTree = BUILT_PRODUCTS_DIR; };
		48E8005E200136CC00F5D902 /* Info.plist */ = {isa = PBXFileReference; lastKnownFileType = text.plist.xml; path = Info.plist; sourceTree = "<group>"; };
		48E8006B2001372100F5D902 /* Auth.swift */ = {isa = PBXFileReference; lastKnownFileType = sourcecode.swift; path = Auth.swift; sourceTree = "<group>"; };
		48E8006D2001382900F5D902 /* Chat.swift */ = {isa = PBXFileReference; lastKnownFileType = sourcecode.swift; path = Chat.swift; sourceTree = "<group>"; };
		48E8006F2001385B00F5D902 /* Person.swift */ = {isa = PBXFileReference; lastKnownFileType = sourcecode.swift; path = Person.swift; sourceTree = "<group>"; };
		48E800712001387200F5D902 /* Message.swift */ = {isa = PBXFileReference; lastKnownFileType = sourcecode.swift; path = Message.swift; sourceTree = "<group>"; };
		48E8007520013D4A00F5D902 /* Unique.swift */ = {isa = PBXFileReference; lastKnownFileType = sourcecode.swift; path = Unique.swift; sourceTree = "<group>"; };
		48E800792001400500F5D902 /* Contact.swift */ = {isa = PBXFileReference; lastKnownFileType = sourcecode.swift; path = Contact.swift; sourceTree = "<group>"; };
		48E8007B200141E300F5D902 /* Presence.swift */ = {isa = PBXFileReference; lastKnownFileType = sourcecode.swift; path = Presence.swift; sourceTree = "<group>"; };
/* End PBXFileReference section */

/* Begin PBXFrameworksBuildPhase section */
		48E8004A200136CC00F5D902 /* Frameworks */ = {
			isa = PBXFrameworksBuildPhase;
			buildActionMask = 2147483647;
			files = (
			);
			runOnlyForDeploymentPostprocessing = 0;
		};
		48E80054200136CC00F5D902 /* Frameworks */ = {
			isa = PBXFrameworksBuildPhase;
			buildActionMask = 2147483647;
			files = (
				48E80058200136CC00F5D902 /* ChikaCore.framework in Frameworks */,
			);
			runOnlyForDeploymentPostprocessing = 0;
		};
/* End PBXFrameworksBuildPhase section */

/* Begin PBXGroup section */
		4832509C2005258000957D04 /* Error */ = {
			isa = PBXGroup;
			children = (
				4832509D2005259300957D04 /* ErrorTests.swift */,
			);
			path = Error;
			sourceTree = "<group>";
		};
		4832509F20052A3600957D04 /* Listener */ = {
			isa = PBXGroup;
			children = (
				48ABC9AE2005CB62003E8E1E /* AddedContactListener.swift */,
				48584B50201DADA100B2190A /* AddedIntoChatListener.swift */,
				4856208A202C30B50025343B /* ChatParticipantPresenceListener.swift */,
				483250A220052A9C00957D04 /* ChatTitleUpdateListener.swift */,
				48ABC9B42005CFCF003E8E1E /* ContactRequestActionListener.swift */,
				48ABC9B62005D147003E8E1E /* PresenceListener.swift */,
				48ABC9B22005CEAA003E8E1E /* ReceivedContactRequestListener.swift */,
				48ABC9BA2005D47B003E8E1E /* RecentChatListener.swift */,
				48ABC9BC2005D58E003E8E1E /* RecentChatMessageListener.swift */,
				48ABC9B02005CCFA003E8E1E /* RemovedContactListener.swift */,
				48ABC9C02005D7DF003E8E1E /* TypingStatusListener.swift */,
				483250A42005323500957D04 /* Object */,
			);
			path = Listener;
			sourceTree = "<group>";
		};
		483250A42005323500957D04 /* Object */ = {
			isa = PBXGroup;
			children = (
				48AD00DA202C89CE007415C7 /* ChatParticipantPresenceListenerObject.swift */,
				483250A52005325200957D04 /* ChatTitleUpdateListenerObject.swift */,
				48ABC9BE2005D60B003E8E1E /* RecentChatMessageListenerObject.swift */,
				48ABC9C22005D871003E8E1E /* TypingStatusListenerObject.swift */,
			);
			path = Object;
			sourceTree = "<group>";
		};
		484840432003DBE60020D1AB /* Query */ = {
			isa = PBXGroup;
			children = (
				484840462003DC170020D1AB /* ChatMessageQueryOperationTests.swift */,
				48ADA220201874BE003B6238 /* ChatParticipantQueryOperationTests.swift */,
				4848404C2003E06A0020D1AB /* ChatQueryOperationTests.swift */,
				4872A086200484470088F130 /* ContactQueryOperationTests.swift */,
				48D32210201B6B2E005A1AB8 /* ContactRequestQueryOperationTests.swift */,
				4872A08A2004869C0088F130 /* InboxQueryOperationTests.swift */,
				4872A08E200488510088F130 /* MessageQueryOperationTests.swift */,
				488421CA200C8C9A0027A144 /* MyInfoQueryOperationTests.swift */,
				4872A09420048AB80088F130 /* PersonQueryOperationTests.swift */,
				4872A09820048D5E0088F130 /* RecentChatMessageQueryOperationTests.swift */,
			);
			path = Query;
			sourceTree = "<group>";
		};
		4872A09C20048FCB0088F130 /* Search */ = {
			isa = PBXGroup;
			children = (
				4872A09D20048FEF0088F130 /* PersonSearchOperationTests.swift */,
			);
			path = Search;
			sourceTree = "<group>";
		};
		4872A09F200491CD0088F130 /* Writer */ = {
			isa = PBXGroup;
			children = (
				48B296AF20050A120007ECEE /* AcceptContactRequestActionOperationTests.swift */,
				48B296B320050BCC0007ECEE /* AddChatParticipantsActionOperationTests.swift */,
				4872A0A4200493A80088F130 /* ChatCreatorOperationTests.swift */,
				48B296B720050D8D0007ECEE /* ChatTitleUpdaterOperationTests.swift */,
				48B296BB20050F0C0007ECEE /* ContactRequestSenderOperationTests.swift */,
				48D32212201B6B49005A1AB8 /* DisplayNameUpdaterOperationTests.swift */,
				48B296BF2005106B0007ECEE /* IgnoreContactRequestActionOperationTests.swift */,
				48B296C32005119D0007ECEE /* MessageCreatorOperationTests.swift */,
				48D32214201B6B5A005A1AB8 /* NameUpdaterOperationTests.swift */,
				48A78598200519B5002B6CCB /* OfflinePresenceSwitcherOperationTests.swift */,
				48A7859A20051A64002B6CCB /* OnlinePresenceSwitcherOperationTests.swift */,
				48B296C72005142A0007ECEE /* PersonRegistrarOperationTests.swift */,
				48B296CB200516010007ECEE /* PersonUpdaterOperationTests.swift */,
				48A7859E20051B67002B6CCB /* TypingSwitcherOperationTests.swift */,
			);
			path = Writer;
			sourceTree = "<group>";
		};
		48A785A020051DA9002B6CCB /* Model */ = {
			isa = PBXGroup;
			children = (
				48A785A120051DD4002B6CCB /* Store */,
				48A785A420051ECB002B6CCB /* Unique */,
			);
			path = Model;
			sourceTree = "<group>";
		};
		48A785A120051DD4002B6CCB /* Store */ = {
			isa = PBXGroup;
			children = (
				48A785A220051DDF002B6CCB /* ChatTests.swift */,
				48D887842005243E0056E30B /* ContactRequestTests.swift */,
				48D887822005239D0056E30B /* ContactTests.swift */,
				48A785A720051F55002B6CCB /* MessageTests.swift */,
				48D8877D200521890056E30B /* PersonSearchObjectTests.swift */,
				48A785A920051FE9002B6CCB /* PersonTests.swift */,
				4832509A2005252600957D04 /* PresenceTests.swift */,
			);
			path = Store;
			sourceTree = "<group>";
		};
		48A785A420051ECB002B6CCB /* Unique */ = {
			isa = PBXGroup;
			children = (
				48A785A520051EE0002B6CCB /* IDTests.swift */,
			);
			path = Unique;
			sourceTree = "<group>";
		};
		48A9F6B02001EA88003A4168 /* Auth */ = {
			isa = PBXGroup;
			children = (
				48A9F6BF2001F7AE003A4168 /* EmailUpdater.swift */,
				48A9F6BD2001F665003A4168 /* AccessTokenRefresher.swift */,
				48A9F6B92001F384003A4168 /* Registrar.swift */,
				48A9F6B72001ECC0003A4168 /* SignIn.swift */,
				48A9F6BB2001F499003A4168 /* SignOut.swift */,
				48A9F6C12001F9CB003A4168 /* PasswordUpdater.swift */,
			);
			path = Auth;
			sourceTree = "<group>";
		};
		48A9F6B12001EB75003A4168 /* Error */ = {
			isa = PBXGroup;
			children = (
				48A9F6B22001EB85003A4168 /* Error.swift */,
			);
			path = Error;
			sourceTree = "<group>";
		};
		48A9F6B42001EC1F003A4168 /* Result */ = {
			isa = PBXGroup;
			children = (
				48A9F6B52001EC35003A4168 /* Result.swift */,
			);
			path = Result;
			sourceTree = "<group>";
		};
		48A9F6C32001FF2C003A4168 /* Auth */ = {
			isa = PBXGroup;
			children = (
				48E8006B2001372100F5D902 /* Auth.swift */,
			);
			path = Auth;
			sourceTree = "<group>";
		};
		48A9F6C42001FF3B003A4168 /* Store */ = {
			isa = PBXGroup;
			children = (
				48E8006D2001382900F5D902 /* Chat.swift */,
				48E800792001400500F5D902 /* Contact.swift */,
				48E800712001387200F5D902 /* Message.swift */,
				48E8006F2001385B00F5D902 /* Person.swift */,
				48E8007B200141E300F5D902 /* Presence.swift */,
				48ABC9C42005DC95003E8E1E /* TypingStatus.swift */,
			);
			path = Store;
			sourceTree = "<group>";
		};
		48A9F6C52001FF4A003A4168 /* Unique */ = {
			isa = PBXGroup;
			children = (
				48E8007520013D4A00F5D902 /* Unique.swift */,
			);
			path = Unique;
			sourceTree = "<group>";
		};
		48A9F6C620020867003A4168 /* Query */ = {
			isa = PBXGroup;
			children = (
				48A9F6C920020C87003A4168 /* ChatMessageQuery.swift */,
				48ADA21C20187334003B6238 /* ChatParticipantQuery.swift */,
				48E1CDC3200266BA00A1FED1 /* ChatQuery.swift */,
				48E1CDCB20026CDC00A1FED1 /* ContactQuery.swift */,
				48A9F6C7200208E4003A4168 /* InboxQuery.swift */,
				48E1CDC520026A1F00A1FED1 /* MessageQuery.swift */,
				488421C8200C8B530027A144 /* MyInfoQuery.swift */,
				48E1CDC720026AB400A1FED1 /* PersonQuery.swift */,
				48E1CDC920026B4A00A1FED1 /* RecentChatMessageQuery.swift */,
				48D32208201B69A0005A1AB8 /* ContactRequestQuery.swift */,
			);
			path = Query;
			sourceTree = "<group>";
		};
		48ABC9C62005DDF4003E8E1E /* Listener */ = {
			isa = PBXGroup;
			children = (
				48ABC9CB2005DE7C003E8E1E /* AddedContactListenerOperationTests.swift */,
				48584B54201DAED100B2190A /* AddedIntoChatListenerOperationTests.swift */,
				4856208E202C329E0025343B /* ChatParticipantPresenceOperationTests.swift */,
				489A7D652005ED1700AAD619 /* ChatTitleUpdateListenerOperationTests.swift */,
				489A7D6B2005F0CC00AAD619 /* ContactRequestActionListenerOperationTests.swift */,
				489A7D6F2005F3F300AAD619 /* PresenceListenerOperationTests.swift */,
				489A7D732005F54400AAD619 /* ReceivedContactRequestListenerOperationTests.swift */,
				489A7D772005F69E00AAD619 /* RecentChatListenerOperationTests.swift */,
				489A7D7B2005F7B900AAD619 /* RecentChatMessageListenerOperationTests.swift */,
				48CEB4F92005F97E00D3C681 /* RemovedContactListenerOperationTests.swift */,
				48CEB4FD2005FAD600D3C681 /* TypingStatusListenerOperationTests.swift */,
				48CEB4FF2005FC1A00D3C681 /* Object */,
			);
			path = Listener;
			sourceTree = "<group>";
		};
		48B1A95F20034431003BB573 /* Auth */ = {
			isa = PBXGroup;
			children = (
				48B1A96220034464003BB573 /* EmailUpdaterOperationTests.swift */,
				48B1A96B20034A08003BB573 /* AccessTokenRefresherOperationTests.swift */,
				48B1A96F20034B53003BB573 /* RegistrarOperationTests.swift */,
				48B1A97120035019003BB573 /* SignInOperationTests.swift */,
				4848403D2003D7C80020D1AB /* SignOutOperationTests.swift */,
				484840412003D9560020D1AB /* PasswordUpdaterOperationTests.swift */,
			);
			path = Auth;
			sourceTree = "<group>";
		};
		48B1A964200344A4003BB573 /* Mock */ = {
			isa = PBXGroup;
			children = (
				48B296AD2005093F0007ECEE /* AcceptContactRequestActionMock.swift */,
				48B1A969200349F1003BB573 /* AccessTokenRefresherMock.swift */,
				48B296B120050B8C0007ECEE /* AddChatParticipantsActionMock.swift */,
				48ABC9C72005DE15003E8E1E /* AddedContactListenerMock.swift */,
				48584B52201DAE8000B2190A /* AddedIntoChatListenerMock.swift */,
				4872A0A0200491F10088F130 /* ChatCreatorMock.swift */,
				484840482003DC670020D1AB /* ChatMessageQueryMock.swift */,
				48ADA21E2018747A003B6238 /* ChatParticipantQueryMock.swift */,
				4848404A2003E02E0020D1AB /* ChatQueryMock.swift */,
				489A7D672005ED2900AAD619 /* ChatTitleUpdateListenerMock.swift */,
				48B296B520050D550007ECEE /* ChatTitleUpdaterMock.swift */,
				4872A0882004845C0088F130 /* ContactQueryMock.swift */,
				489A7D692005F07800AAD619 /* ContactRequestActionListenerMock.swift */,
				48D3220E201B6AF0005A1AB8 /* ContactRequestQueryMock.swift */,
				48B296B920050ECD0007ECEE /* ContactRequestSenderMock.swift */,
				48D3220A201B6A93005A1AB8 /* DisplayNameUpdaterMock.swift */,
				48B1A965200344B2003BB573 /* EmailUpdaterMock.swift */,
				48B296BD200510390007ECEE /* IgnoreContactRequestActionMock.swift */,
				4872A08C200486DE0088F130 /* InboxQueryMock.swift */,
				48B296C1200511720007ECEE /* MessageCreatorMock.swift */,
				4872A090200488820088F130 /* MessageQueryMock.swift */,
				488421CC200C8CAD0027A144 /* MyInfoQueryMock.swift */,
				48D3220C201B6ABF005A1AB8 /* NameUpdaterMock.swift */,
				48A7859420051943002B6CCB /* OfflinePresenceSwitcherMock.swift */,
				48A7859620051970002B6CCB /* OnlinePresenceSwitcherMock.swift */,
				4848403F2003D90E0020D1AB /* PasswordUpdaterMock.swift */,
				4872A09220048A610088F130 /* PersonQueryMock.swift */,
				48B296C5200513F20007ECEE /* PersonRegistrarMock.swift */,
				4872A09A20048FA30088F130 /* PersonSearchMock.swift */,
				48B296C9200515AD0007ECEE /* PersonUpdaterMock.swift */,
				489A7D6D2005F39600AAD619 /* PresenceListenerMock.swift */,
				489A7D712005F51200AAD619 /* ReceivedContactRequestListenerMock.swift */,
				489A7D752005F65F00AAD619 /* RecentChatListenerMock.swift */,
				489A7D792005F76D00AAD619 /* RecentChatMessageListenerMock.swift */,
				4872A09620048D2D0088F130 /* RecentChatMessageQueryMock.swift */,
				48B1A96D20034B24003BB573 /* RegistrarMock.swift */,
				48CEB4F72005F94000D3C681 /* RemovedContactListenerMock.swift */,
				48B1A97320035031003BB573 /* SignInMock.swift */,
				4848403B2003D7790020D1AB /* SignOutMock.swift */,
				48CEB4FB2005FA8B00D3C681 /* TypingStatusListenerMock.swift */,
				48A7859C20051B31002B6CCB /* TypingSwitcherMock.swift */,
				4856208C202C32550025343B /* ChatParticipantPresenceListenerMock.swift */,
			);
			path = Mock;
			sourceTree = "<group>";
		};
		48CEB4FF2005FC1A00D3C681 /* Object */ = {
			isa = PBXGroup;
			children = (
				48CEB5022005FC6F00D3C681 /* ChatTitleUpdateListenerObjectTests.swift */,
				48CEB5002005FC4600D3C681 /* RecentChatMessageListenerObjectTests.swift */,
				48CEB5042005FCB400D3C681 /* TypingStatusListenerObjectTests.swift */,
				48AD00DC202C8AD4007415C7 /* ChatParticipantPresenceListenerObjectTests.swift */,
			);
			path = Object;
			sourceTree = "<group>";
		};
		48D8877F200522360056E30B /* Result */ = {
			isa = PBXGroup;
			children = (
				48D887802005225D0056E30B /* OKTests.swift */,
			);
			path = Result;
			sourceTree = "<group>";
		};
		48E1CDD02002708C00A1FED1 /* Search */ = {
			isa = PBXGroup;
			children = (
				48E1CDD12002708C00A1FED1 /* PersonSearch.swift */,
			);
			path = Search;
			sourceTree = "<group>";
		};
		48E1CDD3200270F100A1FED1 /* Writer */ = {
			isa = PBXGroup;
			children = (
				48B296A9200507070007ECEE /* AcceptContactRequestAction.swift */,
				48B296A7200503AF0007ECEE /* AddChatParticipantsAction.swift */,
				48E1CDD42002711C00A1FED1 /* ChatCreator.swift */,
				48B296A32004FFA90007ECEE /* ChatTitleUpdater.swift */,
				48E1CDD82002785C00A1FED1 /* ContactRequestSender.swift */,
				48D32204201B681F005A1AB8 /* DisplayNameUpdater.swift */,
				48B296AB200508410007ECEE /* IgnoreContactRequestAction.swift */,
				48B1A951200327E4003BB573 /* MessageCreator.swift */,
				48D32206201B694C005A1AB8 /* NameUpdater.swift */,
				48B296CD200517500007ECEE /* OfflinePresenceSwitcher.swift */,
				48B296CF200518390007ECEE /* OnlinePresenceSwitcher.swift */,
				48B1A95520032D62003BB573 /* PersonRegistrar.swift */,
				48B1A953200329AE003BB573 /* PersonUpdater.swift */,
				48B1A95B200332D1003BB573 /* TypingSwitcher.swift */,
			);
			path = Writer;
			sourceTree = "<group>";
		};
		48E80044200136CC00F5D902 = {
			isa = PBXGroup;
			children = (
				48E80050200136CC00F5D902 /* ChikaCore */,
				48E8005B200136CC00F5D902 /* ChikaCoreTests */,
				48E8004F200136CC00F5D902 /* Products */,
			);
			sourceTree = "<group>";
		};
		48E8004F200136CC00F5D902 /* Products */ = {
			isa = PBXGroup;
			children = (
				48E8004E200136CC00F5D902 /* ChikaCore.framework */,
				48E80057200136CC00F5D902 /* ChikaCoreTests.xctest */,
			);
			name = Products;
			sourceTree = "<group>";
		};
		48E80050200136CC00F5D902 /* ChikaCore */ = {
			isa = PBXGroup;
			children = (
				48E80068200136DC00F5D902 /* Source */,
				48E80051200136CC00F5D902 /* ChikaCore.h */,
				48E80052200136CC00F5D902 /* Info.plist */,
			);
			path = ChikaCore;
			sourceTree = "<group>";
		};
		48E8005B200136CC00F5D902 /* ChikaCoreTests */ = {
			isa = PBXGroup;
			children = (
				48E8005E200136CC00F5D902 /* Info.plist */,
				48B1A95F20034431003BB573 /* Auth */,
				4832509C2005258000957D04 /* Error */,
				48ABC9C62005DDF4003E8E1E /* Listener */,
				48B1A964200344A4003BB573 /* Mock */,
				48A785A020051DA9002B6CCB /* Model */,
				484840432003DBE60020D1AB /* Query */,
				48D8877F200522360056E30B /* Result */,
				4872A09C20048FCB0088F130 /* Search */,
				4872A09F200491CD0088F130 /* Writer */,
			);
			path = ChikaCoreTests;
			sourceTree = "<group>";
		};
		48E80068200136DC00F5D902 /* Source */ = {
			isa = PBXGroup;
			children = (
				48A9F6B12001EB75003A4168 /* Error */,
				48E80069200136EA00F5D902 /* Model */,
				48A9F6B42001EC1F003A4168 /* Result */,
				48E8006A200136FA00F5D902 /* Service */,
			);
			path = Source;
			sourceTree = "<group>";
		};
		48E80069200136EA00F5D902 /* Model */ = {
			isa = PBXGroup;
			children = (
				48A9F6C32001FF2C003A4168 /* Auth */,
				48A9F6C42001FF3B003A4168 /* Store */,
				48A9F6C52001FF4A003A4168 /* Unique */,
			);
			path = Model;
			sourceTree = "<group>";
		};
		48E8006A200136FA00F5D902 /* Service */ = {
			isa = PBXGroup;
			children = (
				48A9F6B02001EA88003A4168 /* Auth */,
				4832509F20052A3600957D04 /* Listener */,
				48A9F6C620020867003A4168 /* Query */,
				48E1CDD02002708C00A1FED1 /* Search */,
				48E1CDD3200270F100A1FED1 /* Writer */,
			);
			path = Service;
			sourceTree = "<group>";
		};
/* End PBXGroup section */

/* Begin PBXHeadersBuildPhase section */
		48E8004B200136CC00F5D902 /* Headers */ = {
			isa = PBXHeadersBuildPhase;
			buildActionMask = 2147483647;
			files = (
				48E8005F200136CC00F5D902 /* ChikaCore.h in Headers */,
			);
			runOnlyForDeploymentPostprocessing = 0;
		};
/* End PBXHeadersBuildPhase section */

/* Begin PBXNativeTarget section */
		48E8004D200136CC00F5D902 /* ChikaCore */ = {
			isa = PBXNativeTarget;
			buildConfigurationList = 48E80062200136CC00F5D902 /* Build configuration list for PBXNativeTarget "ChikaCore" */;
			buildPhases = (
				48E80049200136CC00F5D902 /* Sources */,
				48E8004A200136CC00F5D902 /* Frameworks */,
				48E8004B200136CC00F5D902 /* Headers */,
				48E8004C200136CC00F5D902 /* Resources */,
			);
			buildRules = (
			);
			dependencies = (
			);
			name = ChikaCore;
			productName = ChikaCore;
			productReference = 48E8004E200136CC00F5D902 /* ChikaCore.framework */;
			productType = "com.apple.product-type.framework";
		};
		48E80056200136CC00F5D902 /* ChikaCoreTests */ = {
			isa = PBXNativeTarget;
			buildConfigurationList = 48E80065200136CC00F5D902 /* Build configuration list for PBXNativeTarget "ChikaCoreTests" */;
			buildPhases = (
				48E80053200136CC00F5D902 /* Sources */,
				48E80054200136CC00F5D902 /* Frameworks */,
				48E80055200136CC00F5D902 /* Resources */,
			);
			buildRules = (
			);
			dependencies = (
				48E8005A200136CC00F5D902 /* PBXTargetDependency */,
			);
			name = ChikaCoreTests;
			productName = ChikaCoreTests;
			productReference = 48E80057200136CC00F5D902 /* ChikaCoreTests.xctest */;
			productType = "com.apple.product-type.bundle.unit-test";
		};
/* End PBXNativeTarget section */

/* Begin PBXProject section */
		48E80045200136CC00F5D902 /* Project object */ = {
			isa = PBXProject;
			attributes = {
				LastSwiftUpdateCheck = 0900;
				LastUpgradeCheck = 0900;
				ORGANIZATIONNAME = Nir;
				TargetAttributes = {
					48E8004D200136CC00F5D902 = {
						CreatedOnToolsVersion = 9.0.1;
						LastSwiftMigration = 0900;
						ProvisioningStyle = Automatic;
					};
					48E80056200136CC00F5D902 = {
						CreatedOnToolsVersion = 9.0.1;
						LastSwiftMigration = 0900;
						ProvisioningStyle = Automatic;
					};
				};
			};
			buildConfigurationList = 48E80048200136CC00F5D902 /* Build configuration list for PBXProject "ChikaCore" */;
			compatibilityVersion = "Xcode 8.0";
			developmentRegion = en;
			hasScannedForEncodings = 0;
			knownRegions = (
				en,
			);
			mainGroup = 48E80044200136CC00F5D902;
			productRefGroup = 48E8004F200136CC00F5D902 /* Products */;
			projectDirPath = "";
			projectRoot = "";
			targets = (
				48E8004D200136CC00F5D902 /* ChikaCore */,
				48E80056200136CC00F5D902 /* ChikaCoreTests */,
			);
		};
/* End PBXProject section */

/* Begin PBXResourcesBuildPhase section */
		48E8004C200136CC00F5D902 /* Resources */ = {
			isa = PBXResourcesBuildPhase;
			buildActionMask = 2147483647;
			files = (
			);
			runOnlyForDeploymentPostprocessing = 0;
		};
		48E80055200136CC00F5D902 /* Resources */ = {
			isa = PBXResourcesBuildPhase;
			buildActionMask = 2147483647;
			files = (
			);
			runOnlyForDeploymentPostprocessing = 0;
		};
/* End PBXResourcesBuildPhase section */

/* Begin PBXSourcesBuildPhase section */
		48E80049200136CC00F5D902 /* Sources */ = {
			isa = PBXSourcesBuildPhase;
			buildActionMask = 2147483647;
			files = (
				48A9F6B82001ECC0003A4168 /* SignIn.swift in Sources */,
				48E1CDD22002708C00A1FED1 /* PersonSearch.swift in Sources */,
				48A9F6C8200208E4003A4168 /* InboxQuery.swift in Sources */,
				48D32205201B681F005A1AB8 /* DisplayNameUpdater.swift in Sources */,
				48ABC9BF2005D60B003E8E1E /* RecentChatMessageListenerObject.swift in Sources */,
				48E8007A2001400500F5D902 /* Contact.swift in Sources */,
				48B296CE200517500007ECEE /* OfflinePresenceSwitcher.swift in Sources */,
				48A9F6BE2001F665003A4168 /* AccessTokenRefresher.swift in Sources */,
				48ABC9B72005D147003E8E1E /* PresenceListener.swift in Sources */,
				48ABC9BD2005D58E003E8E1E /* RecentChatMessageListener.swift in Sources */,
				48B1A95C200332D1003BB573 /* TypingSwitcher.swift in Sources */,
				4856208B202C30B50025343B /* ChatParticipantPresenceListener.swift in Sources */,
				48E1CDC4200266BA00A1FED1 /* ChatQuery.swift in Sources */,
				48E8007620013D4A00F5D902 /* Unique.swift in Sources */,
				48E800702001385B00F5D902 /* Person.swift in Sources */,
				48E1CDCA20026B4A00A1FED1 /* RecentChatMessageQuery.swift in Sources */,
				48E800722001387200F5D902 /* Message.swift in Sources */,
				48ABC9B52005CFCF003E8E1E /* ContactRequestActionListener.swift in Sources */,
				48A9F6C02001F7AE003A4168 /* EmailUpdater.swift in Sources */,
				48E8006C2001372100F5D902 /* Auth.swift in Sources */,
				48584B51201DADA100B2190A /* AddedIntoChatListener.swift in Sources */,
				48E1CDD52002711C00A1FED1 /* ChatCreator.swift in Sources */,
				48ABC9B12005CCFA003E8E1E /* RemovedContactListener.swift in Sources */,
				48AD00DB202C89CE007415C7 /* ChatParticipantPresenceListenerObject.swift in Sources */,
				48ABC9AF2005CB62003E8E1E /* AddedContactListener.swift in Sources */,
				48ABC9B32005CEAA003E8E1E /* ReceivedContactRequestListener.swift in Sources */,
				48D32209201B69A0005A1AB8 /* ContactRequestQuery.swift in Sources */,
				48D32207201B694C005A1AB8 /* NameUpdater.swift in Sources */,
				48B296AA200507070007ECEE /* AcceptContactRequestAction.swift in Sources */,
				48E8006E2001382900F5D902 /* Chat.swift in Sources */,
				48ABC9C12005D7DF003E8E1E /* TypingStatusListener.swift in Sources */,
				483250A62005325200957D04 /* ChatTitleUpdateListenerObject.swift in Sources */,
				48A9F6CA20020C87003A4168 /* ChatMessageQuery.swift in Sources */,
				48B296AC200508410007ECEE /* IgnoreContactRequestAction.swift in Sources */,
				48A9F6B62001EC35003A4168 /* Result.swift in Sources */,
				48B1A95620032D62003BB573 /* PersonRegistrar.swift in Sources */,
				48ABC9C32005D871003E8E1E /* TypingStatusListenerObject.swift in Sources */,
				48B296A8200503AF0007ECEE /* AddChatParticipantsAction.swift in Sources */,
				48E1CDD92002785C00A1FED1 /* ContactRequestSender.swift in Sources */,
				483250A320052A9C00957D04 /* ChatTitleUpdateListener.swift in Sources */,
				48ABC9C52005DC95003E8E1E /* TypingStatus.swift in Sources */,
				48E1CDC820026AB400A1FED1 /* PersonQuery.swift in Sources */,
				48B1A952200327E4003BB573 /* MessageCreator.swift in Sources */,
				48B296D0200518390007ECEE /* OnlinePresenceSwitcher.swift in Sources */,
				48B1A954200329AE003BB573 /* PersonUpdater.swift in Sources */,
				48ABC9BB2005D47B003E8E1E /* RecentChatListener.swift in Sources */,
				48E8007C200141E300F5D902 /* Presence.swift in Sources */,
				48A9F6BA2001F384003A4168 /* Registrar.swift in Sources */,
				48A9F6B32001EB85003A4168 /* Error.swift in Sources */,
				48B296A42004FFA90007ECEE /* ChatTitleUpdater.swift in Sources */,
				48A9F6BC2001F499003A4168 /* SignOut.swift in Sources */,
				48A9F6C22001F9CB003A4168 /* PasswordUpdater.swift in Sources */,
				48ADA21D20187334003B6238 /* ChatParticipantQuery.swift in Sources */,
				488421C9200C8B530027A144 /* MyInfoQuery.swift in Sources */,
				48E1CDC620026A1F00A1FED1 /* MessageQuery.swift in Sources */,
				48E1CDCC20026CDC00A1FED1 /* ContactQuery.swift in Sources */,
			);
			runOnlyForDeploymentPostprocessing = 0;
		};
		48E80053200136CC00F5D902 /* Sources */ = {
			isa = PBXSourcesBuildPhase;
			buildActionMask = 2147483647;
			files = (
				48B1A96C20034A08003BB573 /* AccessTokenRefresherOperationTests.swift in Sources */,
				4872A0892004845C0088F130 /* ContactQueryMock.swift in Sources */,
				4832509B2005252600957D04 /* PresenceTests.swift in Sources */,
				4848403C2003D7790020D1AB /* SignOutMock.swift in Sources */,
				48A7859520051943002B6CCB /* OfflinePresenceSwitcherMock.swift in Sources */,
				4872A09520048AB80088F130 /* PersonQueryOperationTests.swift in Sources */,
				48ABC9C82005DE15003E8E1E /* AddedContactListenerMock.swift in Sources */,
				48CEB4FA2005F97E00D3C681 /* RemovedContactListenerOperationTests.swift in Sources */,
				48A78599200519B5002B6CCB /* OfflinePresenceSwitcherOperationTests.swift in Sources */,
				48CEB5012005FC4600D3C681 /* RecentChatMessageListenerObjectTests.swift in Sources */,
				489A7D7C2005F7B900AAD619 /* RecentChatMessageListenerOperationTests.swift in Sources */,
				4848404D2003E06A0020D1AB /* ChatQueryOperationTests.swift in Sources */,
				48B296BE200510390007ECEE /* IgnoreContactRequestActionMock.swift in Sources */,
				484840472003DC170020D1AB /* ChatMessageQueryOperationTests.swift in Sources */,
				4832509E2005259300957D04 /* ErrorTests.swift in Sources */,
				489A7D7A2005F76D00AAD619 /* RecentChatMessageListenerMock.swift in Sources */,
				48D887812005225D0056E30B /* OKTests.swift in Sources */,
				48CEB4F82005F94000D3C681 /* RemovedContactListenerMock.swift in Sources */,
				489A7D6E2005F39600AAD619 /* PresenceListenerMock.swift in Sources */,
				48B296B820050D8D0007ECEE /* ChatTitleUpdaterOperationTests.swift in Sources */,
				484840422003D9560020D1AB /* PasswordUpdaterOperationTests.swift in Sources */,
				4856208F202C329E0025343B /* ChatParticipantPresenceOperationTests.swift in Sources */,
				48B296C2200511720007ECEE /* MessageCreatorMock.swift in Sources */,
				48B296B220050B8C0007ECEE /* AddChatParticipantsActionMock.swift in Sources */,
				48B296BC20050F0C0007ECEE /* ContactRequestSenderOperationTests.swift in Sources */,
				48D3220B201B6A93005A1AB8 /* DisplayNameUpdaterMock.swift in Sources */,
				48D32211201B6B2E005A1AB8 /* ContactRequestQueryOperationTests.swift in Sources */,
				48584B55201DAED100B2190A /* AddedIntoChatListenerOperationTests.swift in Sources */,
				48D8877E200521890056E30B /* PersonSearchObjectTests.swift in Sources */,
				48B296CC200516010007ECEE /* PersonUpdaterOperationTests.swift in Sources */,
				484840492003DC670020D1AB /* ChatMessageQueryMock.swift in Sources */,
				48D3220D201B6ABF005A1AB8 /* NameUpdaterMock.swift in Sources */,
				48B296C02005106B0007ECEE /* IgnoreContactRequestActionOperationTests.swift in Sources */,
				48B1A97220035019003BB573 /* SignInOperationTests.swift in Sources */,
				48B296C6200513F20007ECEE /* PersonRegistrarMock.swift in Sources */,
				48B296C82005142A0007ECEE /* PersonRegistrarOperationTests.swift in Sources */,
				48B1A96A200349F1003BB573 /* AccessTokenRefresherMock.swift in Sources */,
				4872A08F200488510088F130 /* MessageQueryOperationTests.swift in Sources */,
				48B1A966200344B2003BB573 /* EmailUpdaterMock.swift in Sources */,
				4872A0A5200493A80088F130 /* ChatCreatorOperationTests.swift in Sources */,
				4848404B2003E02E0020D1AB /* ChatQueryMock.swift in Sources */,
				4872A091200488820088F130 /* MessageQueryMock.swift in Sources */,
				48CEB5052005FCB400D3C681 /* TypingStatusListenerObjectTests.swift in Sources */,
				48D3220F201B6AF0005A1AB8 /* ContactRequestQueryMock.swift in Sources */,
				48B1A97020034B53003BB573 /* RegistrarOperationTests.swift in Sources */,
				48A785A320051DDF002B6CCB /* ChatTests.swift in Sources */,
				489A7D6A2005F07800AAD619 /* ContactRequestActionListenerMock.swift in Sources */,
				48D887832005239D0056E30B /* ContactTests.swift in Sources */,
				48B296B020050A120007ECEE /* AcceptContactRequestActionOperationTests.swift in Sources */,
				489A7D762005F65F00AAD619 /* RecentChatListenerMock.swift in Sources */,
				4872A09320048A610088F130 /* PersonQueryMock.swift in Sources */,
				48A785AA20051FE9002B6CCB /* PersonTests.swift in Sources */,
				489A7D682005ED2900AAD619 /* ChatTitleUpdateListenerMock.swift in Sources */,
				48A7859F20051B67002B6CCB /* TypingSwitcherOperationTests.swift in Sources */,
				4872A0A1200491F10088F130 /* ChatCreatorMock.swift in Sources */,
				48D887852005243E0056E30B /* ContactRequestTests.swift in Sources */,
				48B1A97420035031003BB573 /* SignInMock.swift in Sources */,
				488421CD200C8CAD0027A144 /* MyInfoQueryMock.swift in Sources */,
				489A7D662005ED1700AAD619 /* ChatTitleUpdateListenerOperationTests.swift in Sources */,
				489A7D6C2005F0CC00AAD619 /* ContactRequestActionListenerOperationTests.swift in Sources */,
				4872A09B20048FA30088F130 /* PersonSearchMock.swift in Sources */,
				48B296AE2005093F0007ECEE /* AcceptContactRequestActionMock.swift in Sources */,
				48ADA21F2018747A003B6238 /* ChatParticipantQueryMock.swift in Sources */,
				48ABC9CC2005DE7C003E8E1E /* AddedContactListenerOperationTests.swift in Sources */,
				48A7859720051970002B6CCB /* OnlinePresenceSwitcherMock.swift in Sources */,
				48A7859B20051A64002B6CCB /* OnlinePresenceSwitcherOperationTests.swift in Sources */,
				489A7D782005F69E00AAD619 /* RecentChatListenerOperationTests.swift in Sources */,
				4872A087200484470088F130 /* ContactQueryOperationTests.swift in Sources */,
				48A785A620051EE0002B6CCB /* IDTests.swift in Sources */,
				48CEB5032005FC6F00D3C681 /* ChatTitleUpdateListenerObjectTests.swift in Sources */,
				489A7D722005F51200AAD619 /* ReceivedContactRequestListenerMock.swift in Sources */,
				488421CB200C8C9A0027A144 /* MyInfoQueryOperationTests.swift in Sources */,
				4848403E2003D7C80020D1AB /* SignOutOperationTests.swift in Sources */,
				4856208D202C32550025343B /* ChatParticipantPresenceListenerMock.swift in Sources */,
				489A7D702005F3F300AAD619 /* PresenceListenerOperationTests.swift in Sources */,
				48B296CA200515AD0007ECEE /* PersonUpdaterMock.swift in Sources */,
				4872A09E20048FEF0088F130 /* PersonSearchOperationTests.swift in Sources */,
				4872A08D200486DE0088F130 /* InboxQueryMock.swift in Sources */,
				4872A09720048D2D0088F130 /* RecentChatMessageQueryMock.swift in Sources */,
				48CEB4FC2005FA8B00D3C681 /* TypingStatusListenerMock.swift in Sources */,
				48A785A820051F55002B6CCB /* MessageTests.swift in Sources */,
				48AD00DD202C8AD4007415C7 /* ChatParticipantPresenceListenerObjectTests.swift in Sources */,
				4872A08B2004869C0088F130 /* InboxQueryOperationTests.swift in Sources */,
				48D32213201B6B49005A1AB8 /* DisplayNameUpdaterOperationTests.swift in Sources */,
				48ADA221201874BE003B6238 /* ChatParticipantQueryOperationTests.swift in Sources */,
				48B1A96320034464003BB573 /* EmailUpdaterOperationTests.swift in Sources */,
				4872A09920048D5E0088F130 /* RecentChatMessageQueryOperationTests.swift in Sources */,
				48B1A96E20034B24003BB573 /* RegistrarMock.swift in Sources */,
				48B296B620050D550007ECEE /* ChatTitleUpdaterMock.swift in Sources */,
				48B296BA20050ECD0007ECEE /* ContactRequestSenderMock.swift in Sources */,
				489A7D742005F54400AAD619 /* ReceivedContactRequestListenerOperationTests.swift in Sources */,
				48584B53201DAE8000B2190A /* AddedIntoChatListenerMock.swift in Sources */,
				48D32215201B6B5A005A1AB8 /* NameUpdaterOperationTests.swift in Sources */,
				484840402003D90E0020D1AB /* PasswordUpdaterMock.swift in Sources */,
				48CEB4FE2005FAD600D3C681 /* TypingStatusListenerOperationTests.swift in Sources */,
				48B296C42005119D0007ECEE /* MessageCreatorOperationTests.swift in Sources */,
				48B296B420050BCC0007ECEE /* AddChatParticipantsActionOperationTests.swift in Sources */,
				48A7859D20051B31002B6CCB /* TypingSwitcherMock.swift in Sources */,
			);
			runOnlyForDeploymentPostprocessing = 0;
		};
/* End PBXSourcesBuildPhase section */

/* Begin PBXTargetDependency section */
		48E8005A200136CC00F5D902 /* PBXTargetDependency */ = {
			isa = PBXTargetDependency;
			target = 48E8004D200136CC00F5D902 /* ChikaCore */;
			targetProxy = 48E80059200136CC00F5D902 /* PBXContainerItemProxy */;
		};
/* End PBXTargetDependency section */

/* Begin XCBuildConfiguration section */
		48E80060200136CC00F5D902 /* Debug */ = {
			isa = XCBuildConfiguration;
			buildSettings = {
				ALWAYS_SEARCH_USER_PATHS = NO;
				CLANG_ANALYZER_NONNULL = YES;
				CLANG_ANALYZER_NUMBER_OBJECT_CONVERSION = YES_AGGRESSIVE;
				CLANG_CXX_LANGUAGE_STANDARD = "gnu++14";
				CLANG_CXX_LIBRARY = "libc++";
				CLANG_ENABLE_MODULES = YES;
				CLANG_ENABLE_OBJC_ARC = YES;
				CLANG_WARN_BLOCK_CAPTURE_AUTORELEASING = YES;
				CLANG_WARN_BOOL_CONVERSION = YES;
				CLANG_WARN_COMMA = YES;
				CLANG_WARN_CONSTANT_CONVERSION = YES;
				CLANG_WARN_DIRECT_OBJC_ISA_USAGE = YES_ERROR;
				CLANG_WARN_DOCUMENTATION_COMMENTS = YES;
				CLANG_WARN_EMPTY_BODY = YES;
				CLANG_WARN_ENUM_CONVERSION = YES;
				CLANG_WARN_INFINITE_RECURSION = YES;
				CLANG_WARN_INT_CONVERSION = YES;
				CLANG_WARN_NON_LITERAL_NULL_CONVERSION = YES;
				CLANG_WARN_OBJC_LITERAL_CONVERSION = YES;
				CLANG_WARN_OBJC_ROOT_CLASS = YES_ERROR;
				CLANG_WARN_RANGE_LOOP_ANALYSIS = YES;
				CLANG_WARN_STRICT_PROTOTYPES = YES;
				CLANG_WARN_SUSPICIOUS_MOVE = YES;
				CLANG_WARN_UNGUARDED_AVAILABILITY = YES_AGGRESSIVE;
				CLANG_WARN_UNREACHABLE_CODE = YES;
				CLANG_WARN__DUPLICATE_METHOD_MATCH = YES;
				CODE_SIGN_IDENTITY = "iPhone Developer";
				COPY_PHASE_STRIP = NO;
				CURRENT_PROJECT_VERSION = 1;
				DEBUG_INFORMATION_FORMAT = dwarf;
				ENABLE_STRICT_OBJC_MSGSEND = YES;
				ENABLE_TESTABILITY = YES;
				GCC_C_LANGUAGE_STANDARD = gnu11;
				GCC_DYNAMIC_NO_PIC = NO;
				GCC_NO_COMMON_BLOCKS = YES;
				GCC_OPTIMIZATION_LEVEL = 0;
				GCC_PREPROCESSOR_DEFINITIONS = (
					"DEBUG=1",
					"$(inherited)",
				);
				GCC_WARN_64_TO_32_BIT_CONVERSION = YES;
				GCC_WARN_ABOUT_RETURN_TYPE = YES_ERROR;
				GCC_WARN_UNDECLARED_SELECTOR = YES;
				GCC_WARN_UNINITIALIZED_AUTOS = YES_AGGRESSIVE;
				GCC_WARN_UNUSED_FUNCTION = YES;
				GCC_WARN_UNUSED_VARIABLE = YES;
				IPHONEOS_DEPLOYMENT_TARGET = 11.0;
				MTL_ENABLE_DEBUG_INFO = YES;
				ONLY_ACTIVE_ARCH = YES;
				SDKROOT = iphoneos;
				SWIFT_ACTIVE_COMPILATION_CONDITIONS = DEBUG;
				SWIFT_OPTIMIZATION_LEVEL = "-Onone";
				VERSIONING_SYSTEM = "apple-generic";
				VERSION_INFO_PREFIX = "";
			};
			name = Debug;
		};
		48E80061200136CC00F5D902 /* Release */ = {
			isa = XCBuildConfiguration;
			buildSettings = {
				ALWAYS_SEARCH_USER_PATHS = NO;
				CLANG_ANALYZER_NONNULL = YES;
				CLANG_ANALYZER_NUMBER_OBJECT_CONVERSION = YES_AGGRESSIVE;
				CLANG_CXX_LANGUAGE_STANDARD = "gnu++14";
				CLANG_CXX_LIBRARY = "libc++";
				CLANG_ENABLE_MODULES = YES;
				CLANG_ENABLE_OBJC_ARC = YES;
				CLANG_WARN_BLOCK_CAPTURE_AUTORELEASING = YES;
				CLANG_WARN_BOOL_CONVERSION = YES;
				CLANG_WARN_COMMA = YES;
				CLANG_WARN_CONSTANT_CONVERSION = YES;
				CLANG_WARN_DIRECT_OBJC_ISA_USAGE = YES_ERROR;
				CLANG_WARN_DOCUMENTATION_COMMENTS = YES;
				CLANG_WARN_EMPTY_BODY = YES;
				CLANG_WARN_ENUM_CONVERSION = YES;
				CLANG_WARN_INFINITE_RECURSION = YES;
				CLANG_WARN_INT_CONVERSION = YES;
				CLANG_WARN_NON_LITERAL_NULL_CONVERSION = YES;
				CLANG_WARN_OBJC_LITERAL_CONVERSION = YES;
				CLANG_WARN_OBJC_ROOT_CLASS = YES_ERROR;
				CLANG_WARN_RANGE_LOOP_ANALYSIS = YES;
				CLANG_WARN_STRICT_PROTOTYPES = YES;
				CLANG_WARN_SUSPICIOUS_MOVE = YES;
				CLANG_WARN_UNGUARDED_AVAILABILITY = YES_AGGRESSIVE;
				CLANG_WARN_UNREACHABLE_CODE = YES;
				CLANG_WARN__DUPLICATE_METHOD_MATCH = YES;
				CODE_SIGN_IDENTITY = "iPhone Developer";
				COPY_PHASE_STRIP = NO;
				CURRENT_PROJECT_VERSION = 1;
				DEBUG_INFORMATION_FORMAT = "dwarf-with-dsym";
				ENABLE_NS_ASSERTIONS = NO;
				ENABLE_STRICT_OBJC_MSGSEND = YES;
				GCC_C_LANGUAGE_STANDARD = gnu11;
				GCC_NO_COMMON_BLOCKS = YES;
				GCC_WARN_64_TO_32_BIT_CONVERSION = YES;
				GCC_WARN_ABOUT_RETURN_TYPE = YES_ERROR;
				GCC_WARN_UNDECLARED_SELECTOR = YES;
				GCC_WARN_UNINITIALIZED_AUTOS = YES_AGGRESSIVE;
				GCC_WARN_UNUSED_FUNCTION = YES;
				GCC_WARN_UNUSED_VARIABLE = YES;
				IPHONEOS_DEPLOYMENT_TARGET = 11.0;
				MTL_ENABLE_DEBUG_INFO = NO;
				SDKROOT = iphoneos;
				SWIFT_OPTIMIZATION_LEVEL = "-Owholemodule";
				VALIDATE_PRODUCT = YES;
				VERSIONING_SYSTEM = "apple-generic";
				VERSION_INFO_PREFIX = "";
			};
			name = Release;
		};
		48E80063200136CC00F5D902 /* Debug */ = {
			isa = XCBuildConfiguration;
			buildSettings = {
				CLANG_ENABLE_MODULES = YES;
				CODE_SIGN_IDENTITY = "";
				CODE_SIGN_STYLE = Automatic;
				DEFINES_MODULE = YES;
				DEVELOPMENT_TEAM = 4WBRGV5Z9M;
				DYLIB_COMPATIBILITY_VERSION = 1;
				DYLIB_CURRENT_VERSION = 1;
				DYLIB_INSTALL_NAME_BASE = "@rpath";
				INFOPLIST_FILE = ChikaCore/Info.plist;
				INSTALL_PATH = "$(LOCAL_LIBRARY_DIR)/Frameworks";
				LD_RUNPATH_SEARCH_PATHS = "$(inherited) @executable_path/Frameworks @loader_path/Frameworks";
				PRODUCT_BUNDLE_IDENTIFIER = com.nir.ChikaCore;
				PRODUCT_NAME = "$(TARGET_NAME:c99extidentifier)";
				SKIP_INSTALL = YES;
				SWIFT_OPTIMIZATION_LEVEL = "-Onone";
				SWIFT_VERSION = 4.0;
				TARGETED_DEVICE_FAMILY = "1,2";
			};
			name = Debug;
		};
		48E80064200136CC00F5D902 /* Release */ = {
			isa = XCBuildConfiguration;
			buildSettings = {
				CLANG_ENABLE_MODULES = YES;
				CODE_SIGN_IDENTITY = "";
				CODE_SIGN_STYLE = Automatic;
				DEFINES_MODULE = YES;
				DEVELOPMENT_TEAM = 4WBRGV5Z9M;
				DYLIB_COMPATIBILITY_VERSION = 1;
				DYLIB_CURRENT_VERSION = 1;
				DYLIB_INSTALL_NAME_BASE = "@rpath";
				INFOPLIST_FILE = ChikaCore/Info.plist;
				INSTALL_PATH = "$(LOCAL_LIBRARY_DIR)/Frameworks";
				LD_RUNPATH_SEARCH_PATHS = "$(inherited) @executable_path/Frameworks @loader_path/Frameworks";
				PRODUCT_BUNDLE_IDENTIFIER = com.nir.ChikaCore;
				PRODUCT_NAME = "$(TARGET_NAME:c99extidentifier)";
				SKIP_INSTALL = YES;
				SWIFT_VERSION = 4.0;
				TARGETED_DEVICE_FAMILY = "1,2";
			};
			name = Release;
		};
		48E80066200136CC00F5D902 /* Debug */ = {
			isa = XCBuildConfiguration;
			buildSettings = {
				ALWAYS_EMBED_SWIFT_STANDARD_LIBRARIES = YES;
				CLANG_ENABLE_MODULES = YES;
				CODE_SIGN_STYLE = Automatic;
				DEVELOPMENT_TEAM = 4WBRGV5Z9M;
				INFOPLIST_FILE = ChikaCoreTests/Info.plist;
				LD_RUNPATH_SEARCH_PATHS = "$(inherited) @executable_path/Frameworks @loader_path/Frameworks";
				PRODUCT_BUNDLE_IDENTIFIER = com.nir.ChikaCoreTests;
				PRODUCT_NAME = "$(TARGET_NAME)";
				SWIFT_OPTIMIZATION_LEVEL = "-Onone";
				SWIFT_VERSION = 4.0;
				TARGETED_DEVICE_FAMILY = "1,2";
			};
			name = Debug;
		};
		48E80067200136CC00F5D902 /* Release */ = {
			isa = XCBuildConfiguration;
			buildSettings = {
				ALWAYS_EMBED_SWIFT_STANDARD_LIBRARIES = YES;
				CLANG_ENABLE_MODULES = YES;
				CODE_SIGN_STYLE = Automatic;
				DEVELOPMENT_TEAM = 4WBRGV5Z9M;
				INFOPLIST_FILE = ChikaCoreTests/Info.plist;
				LD_RUNPATH_SEARCH_PATHS = "$(inherited) @executable_path/Frameworks @loader_path/Frameworks";
				PRODUCT_BUNDLE_IDENTIFIER = com.nir.ChikaCoreTests;
				PRODUCT_NAME = "$(TARGET_NAME)";
				SWIFT_VERSION = 4.0;
				TARGETED_DEVICE_FAMILY = "1,2";
			};
			name = Release;
		};
/* End XCBuildConfiguration section */

/* Begin XCConfigurationList section */
		48E80048200136CC00F5D902 /* Build configuration list for PBXProject "ChikaCore" */ = {
			isa = XCConfigurationList;
			buildConfigurations = (
				48E80060200136CC00F5D902 /* Debug */,
				48E80061200136CC00F5D902 /* Release */,
			);
			defaultConfigurationIsVisible = 0;
			defaultConfigurationName = Release;
		};
		48E80062200136CC00F5D902 /* Build configuration list for PBXNativeTarget "ChikaCore" */ = {
			isa = XCConfigurationList;
			buildConfigurations = (
				48E80063200136CC00F5D902 /* Debug */,
				48E80064200136CC00F5D902 /* Release */,
			);
			defaultConfigurationIsVisible = 0;
			defaultConfigurationName = Release;
		};
		48E80065200136CC00F5D902 /* Build configuration list for PBXNativeTarget "ChikaCoreTests" */ = {
			isa = XCConfigurationList;
			buildConfigurations = (
				48E80066200136CC00F5D902 /* Debug */,
				48E80067200136CC00F5D902 /* Release */,
			);
			defaultConfigurationIsVisible = 0;
			defaultConfigurationName = Release;
		};
/* End XCConfigurationList section */
	};
	rootObject = 48E80045200136CC00F5D902 /* Project object */;
}
